// !$*UTF8*$!
{
	archiveVersion = 1;
	classes = {
	};
	objectVersion = 56;
	objects = {

/* Begin PBXBuildFile section */
		B20FF40D29DDE99500FB3DB7 /* property_grid.cpp in Sources */ = {isa = PBXBuildFile; fileRef = B20FF40B29DDE99500FB3DB7 /* property_grid.cpp */; };
		B20FF40E29DDE99500FB3DB7 /* property_grid.hpp in Headers */ = {isa = PBXBuildFile; fileRef = B20FF40C29DDE99500FB3DB7 /* property_grid.hpp */; };
		B228FC6829DB070500455666 /* open_gl_graphics_context.cpp in Sources */ = {isa = PBXBuildFile; fileRef = B228FC6629DB070500455666 /* open_gl_graphics_context.cpp */; };
		B228FC6929DB070500455666 /* open_gl_graphics_context.hpp in Headers */ = {isa = PBXBuildFile; fileRef = B228FC6729DB070500455666 /* open_gl_graphics_context.hpp */; };
		B228FC6E29DB071300455666 /* graphics_context.cpp in Sources */ = {isa = PBXBuildFile; fileRef = B228FC6C29DB071300455666 /* graphics_context.cpp */; };
		B228FC6F29DB071300455666 /* graphics_context.hpp in Headers */ = {isa = PBXBuildFile; fileRef = B228FC6D29DB071300455666 /* graphics_context.hpp */; };
		B2394A1D29D8107A00D782E5 /* key_codes.h in Headers */ = {isa = PBXBuildFile; fileRef = B2394A1C29D8107A00D782E5 /* key_codes.h */; };
		B2394A2829D81BDD00D782E5 /* window.cpp in Sources */ = {isa = PBXBuildFile; fileRef = B2394A2629D81BDD00D782E5 /* window.cpp */; };
		B2394A2929D81BDD00D782E5 /* window.hpp in Headers */ = {isa = PBXBuildFile; fileRef = B2394A2729D81BDD00D782E5 /* window.hpp */; };
		B2394A3129D8733500D782E5 /* mac_window.cpp in Sources */ = {isa = PBXBuildFile; fileRef = B2394A2F29D8733500D782E5 /* mac_window.cpp */; };
		B2394A3229D8733500D782E5 /* mac_window.hpp in Headers */ = {isa = PBXBuildFile; fileRef = B2394A3029D8733500D782E5 /* mac_window.hpp */; };
		B2394A3429D879B200D782E5 /* libglfw.a in Frameworks */ = {isa = PBXBuildFile; fileRef = B2F91E6429D721AA00860306 /* libglfw.a */; };
		B281E85D29DFDA170038A9EE /* framebuffer.cpp in Sources */ = {isa = PBXBuildFile; fileRef = B281E85B29DFDA170038A9EE /* framebuffer.cpp */; };
		B281E85E29DFDA170038A9EE /* framebuffer.hpp in Headers */ = {isa = PBXBuildFile; fileRef = B281E85C29DFDA170038A9EE /* framebuffer.hpp */; };
		B281E86429DFDA240038A9EE /* open_gl_framebuffer.cpp in Sources */ = {isa = PBXBuildFile; fileRef = B281E86229DFDA240038A9EE /* open_gl_framebuffer.cpp */; };
		B281E86529DFDA240038A9EE /* open_gl_framebuffer.hpp in Headers */ = {isa = PBXBuildFile; fileRef = B281E86329DFDA240038A9EE /* open_gl_framebuffer.hpp */; };
		B281E86B29DFE07C0038A9EE /* camera.hpp in Headers */ = {isa = PBXBuildFile; fileRef = B281E86929DFE07C0038A9EE /* camera.hpp */; };
		B281E86E29DFE1630038A9EE /* editor_camera.cpp in Sources */ = {isa = PBXBuildFile; fileRef = B281E86C29DFE1630038A9EE /* editor_camera.cpp */; };
		B281E86F29DFE1630038A9EE /* editor_camera.hpp in Headers */ = {isa = PBXBuildFile; fileRef = B281E86D29DFE1630038A9EE /* editor_camera.hpp */; };
		B281E87229DFE2080038A9EE /* mac_input.cpp in Sources */ = {isa = PBXBuildFile; fileRef = B281E87029DFE2080038A9EE /* mac_input.cpp */; };
		B281E87329DFE2080038A9EE /* input.hpp in Headers */ = {isa = PBXBuildFile; fileRef = B281E87129DFE2080038A9EE /* input.hpp */; };
		B281E87629DFE3350038A9EE /* scene_camera.cpp in Sources */ = {isa = PBXBuildFile; fileRef = B281E87429DFE3350038A9EE /* scene_camera.cpp */; };
		B281E87729DFE3350038A9EE /* scene_camera.hpp in Headers */ = {isa = PBXBuildFile; fileRef = B281E87529DFE3350038A9EE /* scene_camera.hpp */; };
		B281E88429E001A70038A9EE /* viewport.cpp in Sources */ = {isa = PBXBuildFile; fileRef = B281E88229E001A70038A9EE /* viewport.cpp */; };
		B281E88529E001A70038A9EE /* viewport.hpp in Headers */ = {isa = PBXBuildFile; fileRef = B281E88329E001A70038A9EE /* viewport.hpp */; };
		B292C0E729D1CF7100B1E678 /* logger.cpp in Sources */ = {isa = PBXBuildFile; fileRef = B292C0E529D1CF7100B1E678 /* logger.cpp */; };
		B292C0E829D1CF7100B1E678 /* logger.hpp in Headers */ = {isa = PBXBuildFile; fileRef = B292C0E629D1CF7100B1E678 /* logger.hpp */; };
		B292C0EA29D1D1BC00B1E678 /* prefix_headers.pch in Headers */ = {isa = PBXBuildFile; fileRef = B292C0E929D1D1BC00B1E678 /* prefix_headers.pch */; };
		B292C0EF29D1D47000B1E678 /* ikan_headers.h in Headers */ = {isa = PBXBuildFile; fileRef = B292C0EE29D1D47000B1E678 /* ikan_headers.h */; };
		B29C830A29DE9A5C0061D182 /* pipeline.cpp in Sources */ = {isa = PBXBuildFile; fileRef = B29C830829DE9A5C0061D182 /* pipeline.cpp */; };
		B29C830B29DE9A5C0061D182 /* pipeline.hpp in Headers */ = {isa = PBXBuildFile; fileRef = B29C830929DE9A5C0061D182 /* pipeline.hpp */; };
		B29C830E29DE9B8C0061D182 /* open_gl_pipeline.cpp in Sources */ = {isa = PBXBuildFile; fileRef = B29C830C29DE9B8C0061D182 /* open_gl_pipeline.cpp */; };
		B29C830F29DE9B8C0061D182 /* open_gl_pipeline.hpp in Headers */ = {isa = PBXBuildFile; fileRef = B29C830D29DE9B8C0061D182 /* open_gl_pipeline.hpp */; };
		B29C831229DE9EB90061D182 /* open_gl_renderer_id_manager.cpp in Sources */ = {isa = PBXBuildFile; fileRef = B29C831029DE9EB90061D182 /* open_gl_renderer_id_manager.cpp */; };
		B29C831329DE9EB90061D182 /* open_gl_renderer_id_manager.hpp in Headers */ = {isa = PBXBuildFile; fileRef = B29C831129DE9EB90061D182 /* open_gl_renderer_id_manager.hpp */; };
		B29C831929DEB1BC0061D182 /* renderer_buffer.cpp in Sources */ = {isa = PBXBuildFile; fileRef = B29C831729DEB1BC0061D182 /* renderer_buffer.cpp */; };
		B29C831A29DEB1BC0061D182 /* renderer_buffer.hpp in Headers */ = {isa = PBXBuildFile; fileRef = B29C831829DEB1BC0061D182 /* renderer_buffer.hpp */; };
		B29C832029DEB7140061D182 /* open_gl_renderer_buffer.cpp in Sources */ = {isa = PBXBuildFile; fileRef = B29C831E29DEB7140061D182 /* open_gl_renderer_buffer.cpp */; };
		B29C832129DEB7140061D182 /* open_gl_renderer_buffer.hpp in Headers */ = {isa = PBXBuildFile; fileRef = B29C831F29DEB7140061D182 /* open_gl_renderer_buffer.hpp */; };
		B2BEC76129DD6802008D3DCB /* libimgui.a in Frameworks */ = {isa = PBXBuildFile; fileRef = B228FC9229DB133100455666 /* libimgui.a */; };
		B2BEC78A29DD7C50008D3DCB /* core_application.cpp in Sources */ = {isa = PBXBuildFile; fileRef = B2BEC78829DD7C50008D3DCB /* core_application.cpp */; };
		B2BEC78B29DD7C50008D3DCB /* core_application.hpp in Headers */ = {isa = PBXBuildFile; fileRef = B2BEC78929DD7C50008D3DCB /* core_application.hpp */; };
		B2BEC79B29DD83DC008D3DCB /* layer.hpp in Headers */ = {isa = PBXBuildFile; fileRef = B2BEC79929DD83DC008D3DCB /* layer.hpp */; };
		B2BEC79E29DD8479008D3DCB /* layer_stack.cpp in Sources */ = {isa = PBXBuildFile; fileRef = B2BEC79C29DD8479008D3DCB /* layer_stack.cpp */; };
		B2BEC79F29DD8479008D3DCB /* layer_stack.hpp in Headers */ = {isa = PBXBuildFile; fileRef = B2BEC79D29DD8479008D3DCB /* layer_stack.hpp */; };
		B2BEC7B129DD8703008D3DCB /* imgui_layer.cpp in Sources */ = {isa = PBXBuildFile; fileRef = B2BEC7AF29DD8703008D3DCB /* imgui_layer.cpp */; };
		B2BEC7B229DD8703008D3DCB /* imgui_layer.hpp in Headers */ = {isa = PBXBuildFile; fileRef = B2BEC7B029DD8703008D3DCB /* imgui_layer.hpp */; };
		B2BEC7B429DD8716008D3DCB /* imgui_build.cpp in Sources */ = {isa = PBXBuildFile; fileRef = B2BEC7B329DD8716008D3DCB /* imgui_build.cpp */; };
		B2BEC7C629DDAA49008D3DCB /* renderer_stats.cpp in Sources */ = {isa = PBXBuildFile; fileRef = B2BEC7C429DDAA49008D3DCB /* renderer_stats.cpp */; };
		B2BEC7CA29DDACAD008D3DCB /* batch_2d_renderer.cpp in Sources */ = {isa = PBXBuildFile; fileRef = B2BEC7C829DDACAD008D3DCB /* batch_2d_renderer.cpp */; };
		B2BEC7CB29DDACAD008D3DCB /* batch_2d_renderer.hpp in Headers */ = {isa = PBXBuildFile; fileRef = B2BEC7C929DDACAD008D3DCB /* batch_2d_renderer.hpp */; };
		B2BEC7D529DDC301008D3DCB /* text_renderer.cpp in Sources */ = {isa = PBXBuildFile; fileRef = B2BEC7D329DDC301008D3DCB /* text_renderer.cpp */; };
		B2BEC7D629DDC301008D3DCB /* text_renderer.hpp in Headers */ = {isa = PBXBuildFile; fileRef = B2BEC7D429DDC301008D3DCB /* text_renderer.hpp */; };
		B2BEC7DC29DDC475008D3DCB /* imgui_api.cpp in Sources */ = {isa = PBXBuildFile; fileRef = B2BEC7DA29DDC475008D3DCB /* imgui_api.cpp */; };
		B2BEC7DD29DDC475008D3DCB /* imgui_api.hpp in Headers */ = {isa = PBXBuildFile; fileRef = B2BEC7DB29DDC475008D3DCB /* imgui_api.hpp */; };
		B2E7141329E43C3C008C8CB1 /* entity.cpp in Sources */ = {isa = PBXBuildFile; fileRef = B2E7141129E43C3C008C8CB1 /* entity.cpp */; };
		B2E7141429E43C3C008C8CB1 /* entity.hpp in Headers */ = {isa = PBXBuildFile; fileRef = B2E7141229E43C3C008C8CB1 /* entity.hpp */; };
		B2E7141A29E43C40008C8CB1 /* components.cpp in Sources */ = {isa = PBXBuildFile; fileRef = B2E7141829E43C40008C8CB1 /* components.cpp */; };
		B2E7141B29E43C40008C8CB1 /* components.hpp in Headers */ = {isa = PBXBuildFile; fileRef = B2E7141929E43C40008C8CB1 /* components.hpp */; };
		B2E7141F29E43C4A008C8CB1 /* scene.cpp in Sources */ = {isa = PBXBuildFile; fileRef = B2E7141D29E43C4A008C8CB1 /* scene.cpp */; };
		B2E7142029E43C4A008C8CB1 /* scene.hpp in Headers */ = {isa = PBXBuildFile; fileRef = B2E7141E29E43C4A008C8CB1 /* scene.hpp */; };
		B2E8D44129E0335A005F5F0C /* maths.cpp in Sources */ = {isa = PBXBuildFile; fileRef = B2E8D43F29E0335A005F5F0C /* maths.cpp */; };
		B2E8D44229E0335A005F5F0C /* maths.hpp in Headers */ = {isa = PBXBuildFile; fileRef = B2E8D44029E0335A005F5F0C /* maths.hpp */; };
		B2E8D45A29E06195005F5F0C /* content_browser_panel.cpp in Sources */ = {isa = PBXBuildFile; fileRef = B2E8D45829E06195005F5F0C /* content_browser_panel.cpp */; };
		B2E8D45B29E06195005F5F0C /* content_browser_panel.hpp in Headers */ = {isa = PBXBuildFile; fileRef = B2E8D45929E06195005F5F0C /* content_browser_panel.hpp */; };
		B2F70CD429DED19B003163BA /* dump_table.cpp in Sources */ = {isa = PBXBuildFile; fileRef = B2F70CD329DED19B003163BA /* dump_table.cpp */; };
		B2F70CD829DEE4FD003163BA /* shader_uniforms.hpp in Headers */ = {isa = PBXBuildFile; fileRef = B2F70CD629DEE4FD003163BA /* shader_uniforms.hpp */; };
		B2F70CDB29DEE5B6003163BA /* open_gl_shader_uniforms.cpp in Sources */ = {isa = PBXBuildFile; fileRef = B2F70CD929DEE5B6003163BA /* open_gl_shader_uniforms.cpp */; };
		B2F70CDC29DEE5B6003163BA /* open_gl_shader_uniforms.hpp in Headers */ = {isa = PBXBuildFile; fileRef = B2F70CDA29DEE5B6003163BA /* open_gl_shader_uniforms.hpp */; };
		B2F70CE229DEE841003163BA /* shader.cpp in Sources */ = {isa = PBXBuildFile; fileRef = B2F70CE029DEE841003163BA /* shader.cpp */; };
		B2F70CE329DEE841003163BA /* shader.hpp in Headers */ = {isa = PBXBuildFile; fileRef = B2F70CE129DEE841003163BA /* shader.hpp */; };
		B2F70CE729DEE94A003163BA /* buffers.hpp in Headers */ = {isa = PBXBuildFile; fileRef = B2F70CE529DEE94A003163BA /* buffers.hpp */; };
		B2F70CEA29DEEBAD003163BA /* string_utils.cpp in Sources */ = {isa = PBXBuildFile; fileRef = B2F70CE829DEEBAD003163BA /* string_utils.cpp */; };
		B2F70CEB29DEEBAD003163BA /* string_utils.hpp in Headers */ = {isa = PBXBuildFile; fileRef = B2F70CE929DEEBAD003163BA /* string_utils.hpp */; };
		B2F70CEE29DEEC46003163BA /* open_gl_shader.cpp in Sources */ = {isa = PBXBuildFile; fileRef = B2F70CEC29DEEC46003163BA /* open_gl_shader.cpp */; };
		B2F70CEF29DEEC46003163BA /* open_gl_shader.hpp in Headers */ = {isa = PBXBuildFile; fileRef = B2F70CED29DEEC46003163BA /* open_gl_shader.hpp */; };
		B2F70CFF29DF0FE7003163BA /* texture.cpp in Sources */ = {isa = PBXBuildFile; fileRef = B2F70CFD29DF0FE7003163BA /* texture.cpp */; };
		B2F70D0029DF0FE7003163BA /* texture.hpp in Headers */ = {isa = PBXBuildFile; fileRef = B2F70CFE29DF0FE7003163BA /* texture.hpp */; };
		B2F70D0629DF0FF0003163BA /* open_gl_texture.cpp in Sources */ = {isa = PBXBuildFile; fileRef = B2F70D0429DF0FF0003163BA /* open_gl_texture.cpp */; };
		B2F70D0729DF0FF0003163BA /* open_gl_texture.hpp in Headers */ = {isa = PBXBuildFile; fileRef = B2F70D0529DF0FF0003163BA /* open_gl_texture.hpp */; };
		B2F70D0B29DF11D9003163BA /* stb_image.h in Headers */ = {isa = PBXBuildFile; fileRef = B2F70D0929DF11D9003163BA /* stb_image.h */; };
		B2F70D0C29DF11D9003163BA /* stb_image.cpp in Sources */ = {isa = PBXBuildFile; fileRef = B2F70D0A29DF11D9003163BA /* stb_image.cpp */; };
		B2F91E0E29D70FA400860306 /* renderer.cpp in Sources */ = {isa = PBXBuildFile; fileRef = B2F91E0C29D70FA400860306 /* renderer.cpp */; };
		B2F91E0F29D70FA400860306 /* renderer.hpp in Headers */ = {isa = PBXBuildFile; fileRef = B2F91E0D29D70FA400860306 /* renderer.hpp */; };
		B2F91E1529D713EF00860306 /* open_gl_renderer_api.cpp in Sources */ = {isa = PBXBuildFile; fileRef = B2F91E1329D713EF00860306 /* open_gl_renderer_api.cpp */; };
		B2F91E1629D713EF00860306 /* open_gl_renderer_api.hpp in Headers */ = {isa = PBXBuildFile; fileRef = B2F91E1429D713EF00860306 /* open_gl_renderer_api.hpp */; };
		B2F91E1929D713FA00860306 /* renderer_api.cpp in Sources */ = {isa = PBXBuildFile; fileRef = B2F91E1729D713FA00860306 /* renderer_api.cpp */; };
		B2F91E1A29D713FA00860306 /* renderer_api.hpp in Headers */ = {isa = PBXBuildFile; fileRef = B2F91E1829D713FA00860306 /* renderer_api.hpp */; };
		B2F91E4629D71AC100860306 /* libopen_gl.a in Frameworks */ = {isa = PBXBuildFile; fileRef = B2F91E3729D71A8900860306 /* libopen_gl.a */; };
/* End PBXBuildFile section */

/* Begin PBXContainerItemProxy section */
		B228FC9129DB133100455666 /* PBXContainerItemProxy */ = {
			isa = PBXContainerItemProxy;
			containerPortal = B228FC8D29DB133000455666 /* imgui.xcodeproj */;
			proxyType = 2;
			remoteGlobalIDString = B228FC7F29DB133000455666;
			remoteInfo = imgui;
		};
		B2F91E3629D71A8900860306 /* PBXContainerItemProxy */ = {
			isa = PBXContainerItemProxy;
			containerPortal = B2F91E3229D71A8800860306 /* open_gl.xcodeproj */;
			proxyType = 2;
			remoteGlobalIDString = B2F91E2429D71A8800860306;
			remoteInfo = open_gl;
		};
		B2F91E6329D721AA00860306 /* PBXContainerItemProxy */ = {
			isa = PBXContainerItemProxy;
			containerPortal = B2F91E5F29D721AA00860306 /* glfw.xcodeproj */;
			proxyType = 2;
			remoteGlobalIDString = B2F91E5129D721AA00860306;
			remoteInfo = glfw;
		};
/* End PBXContainerItemProxy section */

/* Begin PBXFileReference section */
		B20FF40B29DDE99500FB3DB7 /* property_grid.cpp */ = {isa = PBXFileReference; lastKnownFileType = sourcecode.cpp.cpp; path = property_grid.cpp; sourceTree = "<group>"; };
		B20FF40C29DDE99500FB3DB7 /* property_grid.hpp */ = {isa = PBXFileReference; lastKnownFileType = sourcecode.cpp.h; path = property_grid.hpp; sourceTree = "<group>"; };
		B228FC6629DB070500455666 /* open_gl_graphics_context.cpp */ = {isa = PBXFileReference; lastKnownFileType = sourcecode.cpp.cpp; path = open_gl_graphics_context.cpp; sourceTree = "<group>"; };
		B228FC6729DB070500455666 /* open_gl_graphics_context.hpp */ = {isa = PBXFileReference; lastKnownFileType = sourcecode.cpp.h; path = open_gl_graphics_context.hpp; sourceTree = "<group>"; };
		B228FC6C29DB071300455666 /* graphics_context.cpp */ = {isa = PBXFileReference; lastKnownFileType = sourcecode.cpp.cpp; path = graphics_context.cpp; sourceTree = "<group>"; };
		B228FC6D29DB071300455666 /* graphics_context.hpp */ = {isa = PBXFileReference; lastKnownFileType = sourcecode.cpp.h; path = graphics_context.hpp; sourceTree = "<group>"; };
		B228FC8D29DB133000455666 /* imgui.xcodeproj */ = {isa = PBXFileReference; lastKnownFileType = "wrapper.pb-project"; name = imgui.xcodeproj; path = imgui/imgui.xcodeproj; sourceTree = "<group>"; };
		B2394A1C29D8107A00D782E5 /* key_codes.h */ = {isa = PBXFileReference; lastKnownFileType = sourcecode.c.h; path = key_codes.h; sourceTree = "<group>"; };
		B2394A2029D810CB00D782E5 /* mouse_codes.h */ = {isa = PBXFileReference; lastKnownFileType = sourcecode.c.h; path = mouse_codes.h; sourceTree = "<group>"; };
		B2394A2229D8116200D782E5 /* event.h */ = {isa = PBXFileReference; lastKnownFileType = sourcecode.c.h; path = event.h; sourceTree = "<group>"; };
		B2394A2329D8184B00D782E5 /* application_event.h */ = {isa = PBXFileReference; lastKnownFileType = sourcecode.c.h; path = application_event.h; sourceTree = "<group>"; };
		B2394A2429D8192100D782E5 /* key_event.h */ = {isa = PBXFileReference; lastKnownFileType = sourcecode.c.h; path = key_event.h; sourceTree = "<group>"; };
		B2394A2529D81A4A00D782E5 /* mouse_event.h */ = {isa = PBXFileReference; lastKnownFileType = sourcecode.c.h; path = mouse_event.h; sourceTree = "<group>"; };
		B2394A2629D81BDD00D782E5 /* window.cpp */ = {isa = PBXFileReference; lastKnownFileType = sourcecode.cpp.cpp; path = window.cpp; sourceTree = "<group>"; };
		B2394A2729D81BDD00D782E5 /* window.hpp */ = {isa = PBXFileReference; lastKnownFileType = sourcecode.cpp.h; path = window.hpp; sourceTree = "<group>"; };
		B2394A2F29D8733500D782E5 /* mac_window.cpp */ = {isa = PBXFileReference; lastKnownFileType = sourcecode.cpp.cpp; path = mac_window.cpp; sourceTree = "<group>"; };
		B2394A3029D8733500D782E5 /* mac_window.hpp */ = {isa = PBXFileReference; lastKnownFileType = sourcecode.cpp.h; path = mac_window.hpp; sourceTree = "<group>"; };
		B2394A3329D8785600D782E5 /* time_step.h */ = {isa = PBXFileReference; lastKnownFileType = sourcecode.c.h; path = time_step.h; sourceTree = "<group>"; };
		B281E85B29DFDA170038A9EE /* framebuffer.cpp */ = {isa = PBXFileReference; lastKnownFileType = sourcecode.cpp.cpp; path = framebuffer.cpp; sourceTree = "<group>"; };
		B281E85C29DFDA170038A9EE /* framebuffer.hpp */ = {isa = PBXFileReference; lastKnownFileType = sourcecode.cpp.h; path = framebuffer.hpp; sourceTree = "<group>"; };
		B281E86229DFDA240038A9EE /* open_gl_framebuffer.cpp */ = {isa = PBXFileReference; lastKnownFileType = sourcecode.cpp.cpp; path = open_gl_framebuffer.cpp; sourceTree = "<group>"; };
		B281E86329DFDA240038A9EE /* open_gl_framebuffer.hpp */ = {isa = PBXFileReference; lastKnownFileType = sourcecode.cpp.h; path = open_gl_framebuffer.hpp; sourceTree = "<group>"; };
		B281E86929DFE07C0038A9EE /* camera.hpp */ = {isa = PBXFileReference; lastKnownFileType = sourcecode.cpp.h; path = camera.hpp; sourceTree = "<group>"; };
		B281E86C29DFE1630038A9EE /* editor_camera.cpp */ = {isa = PBXFileReference; lastKnownFileType = sourcecode.cpp.cpp; path = editor_camera.cpp; sourceTree = "<group>"; };
		B281E86D29DFE1630038A9EE /* editor_camera.hpp */ = {isa = PBXFileReference; lastKnownFileType = sourcecode.cpp.h; path = editor_camera.hpp; sourceTree = "<group>"; };
		B281E87029DFE2080038A9EE /* mac_input.cpp */ = {isa = PBXFileReference; lastKnownFileType = sourcecode.cpp.cpp; path = mac_input.cpp; sourceTree = "<group>"; };
		B281E87129DFE2080038A9EE /* input.hpp */ = {isa = PBXFileReference; lastKnownFileType = sourcecode.cpp.h; path = input.hpp; sourceTree = "<group>"; };
		B281E87429DFE3350038A9EE /* scene_camera.cpp */ = {isa = PBXFileReference; lastKnownFileType = sourcecode.cpp.cpp; path = scene_camera.cpp; sourceTree = "<group>"; };
		B281E87529DFE3350038A9EE /* scene_camera.hpp */ = {isa = PBXFileReference; lastKnownFileType = sourcecode.cpp.h; path = scene_camera.hpp; sourceTree = "<group>"; };
		B281E88229E001A70038A9EE /* viewport.cpp */ = {isa = PBXFileReference; lastKnownFileType = sourcecode.cpp.cpp; path = viewport.cpp; sourceTree = "<group>"; };
		B281E88329E001A70038A9EE /* viewport.hpp */ = {isa = PBXFileReference; lastKnownFileType = sourcecode.cpp.h; path = viewport.hpp; sourceTree = "<group>"; };
		B292BB8429D184EB00B1E678 /* libikan.a */ = {isa = PBXFileReference; explicitFileType = archive.ar; includeInIndex = 0; path = libikan.a; sourceTree = BUILT_PRODUCTS_DIR; };
		B292C0E529D1CF7100B1E678 /* logger.cpp */ = {isa = PBXFileReference; lastKnownFileType = sourcecode.cpp.cpp; path = logger.cpp; sourceTree = "<group>"; };
		B292C0E629D1CF7100B1E678 /* logger.hpp */ = {isa = PBXFileReference; lastKnownFileType = sourcecode.cpp.h; path = logger.hpp; sourceTree = "<group>"; };
		B292C0E929D1D1BC00B1E678 /* prefix_headers.pch */ = {isa = PBXFileReference; lastKnownFileType = sourcecode.c.h; path = prefix_headers.pch; sourceTree = "<group>"; };
		B292C0EB29D1D30500B1E678 /* ikan_common.h */ = {isa = PBXFileReference; lastKnownFileType = sourcecode.c.h; path = ikan_common.h; sourceTree = "<group>"; };
		B292C0EE29D1D47000B1E678 /* ikan_headers.h */ = {isa = PBXFileReference; lastKnownFileType = sourcecode.c.h; path = ikan_headers.h; sourceTree = "<group>"; };
		B29C830829DE9A5C0061D182 /* pipeline.cpp */ = {isa = PBXFileReference; lastKnownFileType = sourcecode.cpp.cpp; path = pipeline.cpp; sourceTree = "<group>"; };
		B29C830929DE9A5C0061D182 /* pipeline.hpp */ = {isa = PBXFileReference; lastKnownFileType = sourcecode.cpp.h; path = pipeline.hpp; sourceTree = "<group>"; };
		B29C830C29DE9B8C0061D182 /* open_gl_pipeline.cpp */ = {isa = PBXFileReference; lastKnownFileType = sourcecode.cpp.cpp; path = open_gl_pipeline.cpp; sourceTree = "<group>"; };
		B29C830D29DE9B8C0061D182 /* open_gl_pipeline.hpp */ = {isa = PBXFileReference; lastKnownFileType = sourcecode.cpp.h; path = open_gl_pipeline.hpp; sourceTree = "<group>"; };
		B29C831029DE9EB90061D182 /* open_gl_renderer_id_manager.cpp */ = {isa = PBXFileReference; lastKnownFileType = sourcecode.cpp.cpp; path = open_gl_renderer_id_manager.cpp; sourceTree = "<group>"; };
		B29C831129DE9EB90061D182 /* open_gl_renderer_id_manager.hpp */ = {isa = PBXFileReference; lastKnownFileType = sourcecode.cpp.h; path = open_gl_renderer_id_manager.hpp; sourceTree = "<group>"; };
		B29C831729DEB1BC0061D182 /* renderer_buffer.cpp */ = {isa = PBXFileReference; lastKnownFileType = sourcecode.cpp.cpp; path = renderer_buffer.cpp; sourceTree = "<group>"; };
		B29C831829DEB1BC0061D182 /* renderer_buffer.hpp */ = {isa = PBXFileReference; lastKnownFileType = sourcecode.cpp.h; path = renderer_buffer.hpp; sourceTree = "<group>"; };
		B29C831E29DEB7140061D182 /* open_gl_renderer_buffer.cpp */ = {isa = PBXFileReference; lastKnownFileType = sourcecode.cpp.cpp; path = open_gl_renderer_buffer.cpp; sourceTree = "<group>"; };
		B29C831F29DEB7140061D182 /* open_gl_renderer_buffer.hpp */ = {isa = PBXFileReference; lastKnownFileType = sourcecode.cpp.h; path = open_gl_renderer_buffer.hpp; sourceTree = "<group>"; };
		B2BEC77E29DD7590008D3DCB /* directory_manager.h */ = {isa = PBXFileReference; lastKnownFileType = sourcecode.c.h; path = directory_manager.h; sourceTree = "<group>"; };
		B2BEC78829DD7C50008D3DCB /* core_application.cpp */ = {isa = PBXFileReference; lastKnownFileType = sourcecode.cpp.cpp; path = core_application.cpp; sourceTree = "<group>"; };
		B2BEC78929DD7C50008D3DCB /* core_application.hpp */ = {isa = PBXFileReference; lastKnownFileType = sourcecode.cpp.h; path = core_application.hpp; sourceTree = "<group>"; };
		B2BEC78F29DD7F73008D3DCB /* core_logger_api.h */ = {isa = PBXFileReference; lastKnownFileType = sourcecode.c.h; path = core_logger_api.h; sourceTree = "<group>"; };
		B2BEC79329DD800E008D3DCB /* core_asserts_api.h */ = {isa = PBXFileReference; lastKnownFileType = sourcecode.c.h; path = core_asserts_api.h; sourceTree = "<group>"; };
		B2BEC79929DD83DC008D3DCB /* layer.hpp */ = {isa = PBXFileReference; lastKnownFileType = sourcecode.cpp.h; path = layer.hpp; sourceTree = "<group>"; };
		B2BEC79C29DD8479008D3DCB /* layer_stack.cpp */ = {isa = PBXFileReference; lastKnownFileType = sourcecode.cpp.cpp; path = layer_stack.cpp; sourceTree = "<group>"; };
		B2BEC79D29DD8479008D3DCB /* layer_stack.hpp */ = {isa = PBXFileReference; lastKnownFileType = sourcecode.cpp.h; path = layer_stack.hpp; sourceTree = "<group>"; };
		B2BEC7AF29DD8703008D3DCB /* imgui_layer.cpp */ = {isa = PBXFileReference; lastKnownFileType = sourcecode.cpp.cpp; path = imgui_layer.cpp; sourceTree = "<group>"; };
		B2BEC7B029DD8703008D3DCB /* imgui_layer.hpp */ = {isa = PBXFileReference; lastKnownFileType = sourcecode.cpp.h; path = imgui_layer.hpp; sourceTree = "<group>"; };
		B2BEC7B329DD8716008D3DCB /* imgui_build.cpp */ = {isa = PBXFileReference; lastKnownFileType = sourcecode.cpp.cpp; path = imgui_build.cpp; sourceTree = "<group>"; };
		B2BEC7C029DDAA04008D3DCB /* renderer_stats.hpp */ = {isa = PBXFileReference; lastKnownFileType = sourcecode.cpp.h; path = renderer_stats.hpp; sourceTree = "<group>"; };
		B2BEC7C429DDAA49008D3DCB /* renderer_stats.cpp */ = {isa = PBXFileReference; lastKnownFileType = sourcecode.cpp.cpp; path = renderer_stats.cpp; sourceTree = "<group>"; };
		B2BEC7C829DDACAD008D3DCB /* batch_2d_renderer.cpp */ = {isa = PBXFileReference; lastKnownFileType = sourcecode.cpp.cpp; path = batch_2d_renderer.cpp; sourceTree = "<group>"; };
		B2BEC7C929DDACAD008D3DCB /* batch_2d_renderer.hpp */ = {isa = PBXFileReference; lastKnownFileType = sourcecode.cpp.h; path = batch_2d_renderer.hpp; sourceTree = "<group>"; };
		B2BEC7D329DDC301008D3DCB /* text_renderer.cpp */ = {isa = PBXFileReference; lastKnownFileType = sourcecode.cpp.cpp; path = text_renderer.cpp; sourceTree = "<group>"; };
		B2BEC7D429DDC301008D3DCB /* text_renderer.hpp */ = {isa = PBXFileReference; lastKnownFileType = sourcecode.cpp.h; path = text_renderer.hpp; sourceTree = "<group>"; };
		B2BEC7DA29DDC475008D3DCB /* imgui_api.cpp */ = {isa = PBXFileReference; lastKnownFileType = sourcecode.cpp.cpp; path = imgui_api.cpp; sourceTree = "<group>"; };
		B2BEC7DB29DDC475008D3DCB /* imgui_api.hpp */ = {isa = PBXFileReference; lastKnownFileType = sourcecode.cpp.h; path = imgui_api.hpp; sourceTree = "<group>"; };
		B2C26FC029D2A32400EC1078 /* asserts.h */ = {isa = PBXFileReference; lastKnownFileType = sourcecode.c.h; path = asserts.h; sourceTree = "<group>"; };
		B2E7141129E43C3C008C8CB1 /* entity.cpp */ = {isa = PBXFileReference; lastKnownFileType = sourcecode.cpp.cpp; path = entity.cpp; sourceTree = "<group>"; };
		B2E7141229E43C3C008C8CB1 /* entity.hpp */ = {isa = PBXFileReference; lastKnownFileType = sourcecode.cpp.h; path = entity.hpp; sourceTree = "<group>"; };
		B2E7141829E43C40008C8CB1 /* components.cpp */ = {isa = PBXFileReference; lastKnownFileType = sourcecode.cpp.cpp; path = components.cpp; sourceTree = "<group>"; };
		B2E7141929E43C40008C8CB1 /* components.hpp */ = {isa = PBXFileReference; lastKnownFileType = sourcecode.cpp.h; path = components.hpp; sourceTree = "<group>"; };
		B2E7141D29E43C4A008C8CB1 /* scene.cpp */ = {isa = PBXFileReference; lastKnownFileType = sourcecode.cpp.cpp; path = scene.cpp; sourceTree = "<group>"; };
		B2E7141E29E43C4A008C8CB1 /* scene.hpp */ = {isa = PBXFileReference; lastKnownFileType = sourcecode.cpp.h; path = scene.hpp; sourceTree = "<group>"; };
		B2E8D43F29E0335A005F5F0C /* maths.cpp */ = {isa = PBXFileReference; lastKnownFileType = sourcecode.cpp.cpp; path = maths.cpp; sourceTree = "<group>"; };
		B2E8D44029E0335A005F5F0C /* maths.hpp */ = {isa = PBXFileReference; lastKnownFileType = sourcecode.cpp.h; path = maths.hpp; sourceTree = "<group>"; };
		B2E8D44D29E04074005F5F0C /* text_shader.glsl */ = {isa = PBXFileReference; lastKnownFileType = text; path = text_shader.glsl; sourceTree = "<group>"; };
		B2E8D45829E06195005F5F0C /* content_browser_panel.cpp */ = {isa = PBXFileReference; lastKnownFileType = sourcecode.cpp.cpp; path = content_browser_panel.cpp; sourceTree = "<group>"; };
		B2E8D45929E06195005F5F0C /* content_browser_panel.hpp */ = {isa = PBXFileReference; lastKnownFileType = sourcecode.cpp.h; path = content_browser_panel.hpp; sourceTree = "<group>"; };
		B2F70CCF29DED0B2003163BA /* dump_table.hpp */ = {isa = PBXFileReference; lastKnownFileType = sourcecode.cpp.h; path = dump_table.hpp; sourceTree = "<group>"; };
		B2F70CD329DED19B003163BA /* dump_table.cpp */ = {isa = PBXFileReference; lastKnownFileType = sourcecode.cpp.cpp; path = dump_table.cpp; sourceTree = "<group>"; wrapsLines = 0; };
		B2F70CD629DEE4FD003163BA /* shader_uniforms.hpp */ = {isa = PBXFileReference; lastKnownFileType = sourcecode.cpp.h; path = shader_uniforms.hpp; sourceTree = "<group>"; };
		B2F70CD929DEE5B6003163BA /* open_gl_shader_uniforms.cpp */ = {isa = PBXFileReference; lastKnownFileType = sourcecode.cpp.cpp; path = open_gl_shader_uniforms.cpp; sourceTree = "<group>"; };
		B2F70CDA29DEE5B6003163BA /* open_gl_shader_uniforms.hpp */ = {isa = PBXFileReference; lastKnownFileType = sourcecode.cpp.h; path = open_gl_shader_uniforms.hpp; sourceTree = "<group>"; };
		B2F70CE029DEE841003163BA /* shader.cpp */ = {isa = PBXFileReference; lastKnownFileType = sourcecode.cpp.cpp; path = shader.cpp; sourceTree = "<group>"; };
		B2F70CE129DEE841003163BA /* shader.hpp */ = {isa = PBXFileReference; lastKnownFileType = sourcecode.cpp.h; path = shader.hpp; sourceTree = "<group>"; };
		B2F70CE529DEE94A003163BA /* buffers.hpp */ = {isa = PBXFileReference; lastKnownFileType = sourcecode.cpp.h; path = buffers.hpp; sourceTree = "<group>"; };
		B2F70CE829DEEBAD003163BA /* string_utils.cpp */ = {isa = PBXFileReference; lastKnownFileType = sourcecode.cpp.cpp; path = string_utils.cpp; sourceTree = "<group>"; };
		B2F70CE929DEEBAD003163BA /* string_utils.hpp */ = {isa = PBXFileReference; lastKnownFileType = sourcecode.cpp.h; path = string_utils.hpp; sourceTree = "<group>"; };
		B2F70CEC29DEEC46003163BA /* open_gl_shader.cpp */ = {isa = PBXFileReference; lastKnownFileType = sourcecode.cpp.cpp; path = open_gl_shader.cpp; sourceTree = "<group>"; wrapsLines = 1; };
		B2F70CED29DEEC46003163BA /* open_gl_shader.hpp */ = {isa = PBXFileReference; lastKnownFileType = sourcecode.cpp.h; path = open_gl_shader.hpp; sourceTree = "<group>"; };
		B2F70CF729DF0A24003163BA /* batch_circle_shader.glsl */ = {isa = PBXFileReference; lastKnownFileType = text; path = batch_circle_shader.glsl; sourceTree = "<group>"; };
		B2F70CF829DF0A24003163BA /* batch_line_shader.glsl */ = {isa = PBXFileReference; lastKnownFileType = text; path = batch_line_shader.glsl; sourceTree = "<group>"; };
		B2F70CF929DF0A24003163BA /* batch_quad_shader.glsl */ = {isa = PBXFileReference; lastKnownFileType = text; path = batch_quad_shader.glsl; sourceTree = "<group>"; };
		B2F70CFD29DF0FE7003163BA /* texture.cpp */ = {isa = PBXFileReference; lastKnownFileType = sourcecode.cpp.cpp; path = texture.cpp; sourceTree = "<group>"; };
		B2F70CFE29DF0FE7003163BA /* texture.hpp */ = {isa = PBXFileReference; lastKnownFileType = sourcecode.cpp.h; path = texture.hpp; sourceTree = "<group>"; };
		B2F70D0429DF0FF0003163BA /* open_gl_texture.cpp */ = {isa = PBXFileReference; lastKnownFileType = sourcecode.cpp.cpp; path = open_gl_texture.cpp; sourceTree = "<group>"; };
		B2F70D0529DF0FF0003163BA /* open_gl_texture.hpp */ = {isa = PBXFileReference; lastKnownFileType = sourcecode.cpp.h; path = open_gl_texture.hpp; sourceTree = "<group>"; };
		B2F70D0929DF11D9003163BA /* stb_image.h */ = {isa = PBXFileReference; fileEncoding = 4; lastKnownFileType = sourcecode.c.h; path = stb_image.h; sourceTree = "<group>"; };
		B2F70D0A29DF11D9003163BA /* stb_image.cpp */ = {isa = PBXFileReference; fileEncoding = 4; lastKnownFileType = sourcecode.cpp.cpp; path = stb_image.cpp; sourceTree = "<group>"; };
		B2F91E0C29D70FA400860306 /* renderer.cpp */ = {isa = PBXFileReference; lastKnownFileType = sourcecode.cpp.cpp; path = renderer.cpp; sourceTree = "<group>"; };
		B2F91E0D29D70FA400860306 /* renderer.hpp */ = {isa = PBXFileReference; lastKnownFileType = sourcecode.cpp.h; path = renderer.hpp; sourceTree = "<group>"; };
		B2F91E1329D713EF00860306 /* open_gl_renderer_api.cpp */ = {isa = PBXFileReference; lastKnownFileType = sourcecode.cpp.cpp; path = open_gl_renderer_api.cpp; sourceTree = "<group>"; };
		B2F91E1429D713EF00860306 /* open_gl_renderer_api.hpp */ = {isa = PBXFileReference; lastKnownFileType = sourcecode.cpp.h; path = open_gl_renderer_api.hpp; sourceTree = "<group>"; };
		B2F91E1729D713FA00860306 /* renderer_api.cpp */ = {isa = PBXFileReference; lastKnownFileType = sourcecode.cpp.cpp; path = renderer_api.cpp; sourceTree = "<group>"; };
		B2F91E1829D713FA00860306 /* renderer_api.hpp */ = {isa = PBXFileReference; lastKnownFileType = sourcecode.cpp.h; path = renderer_api.hpp; sourceTree = "<group>"; };
		B2F91E3229D71A8800860306 /* open_gl.xcodeproj */ = {isa = PBXFileReference; lastKnownFileType = "wrapper.pb-project"; name = open_gl.xcodeproj; path = open_gl/open_gl.xcodeproj; sourceTree = "<group>"; };
		B2F91E5F29D721AA00860306 /* glfw.xcodeproj */ = {isa = PBXFileReference; lastKnownFileType = "wrapper.pb-project"; name = glfw.xcodeproj; path = glfw/glfw.xcodeproj; sourceTree = "<group>"; };
/* End PBXFileReference section */

/* Begin PBXFrameworksBuildPhase section */
		B292BB8229D184EB00B1E678 /* Frameworks */ = {
			isa = PBXFrameworksBuildPhase;
			buildActionMask = 2147483647;
			files = (
				B2BEC76129DD6802008D3DCB /* libimgui.a in Frameworks */,
				B2394A3429D879B200D782E5 /* libglfw.a in Frameworks */,
				B2F91E4629D71AC100860306 /* libopen_gl.a in Frameworks */,
			);
			runOnlyForDeploymentPostprocessing = 0;
		};
/* End PBXFrameworksBuildPhase section */

/* Begin PBXGroup section */
		B20FF40629DDE97900FB3DB7 /* editor */ = {
			isa = PBXGroup;
			children = (
				B20FF40C29DDE99500FB3DB7 /* property_grid.hpp */,
				B2E8D45929E06195005F5F0C /* content_browser_panel.hpp */,
			);
			path = editor;
			sourceTree = "<group>";
		};
		B20FF40A29DDE98500FB3DB7 /* editor */ = {
			isa = PBXGroup;
			children = (
				B20FF40B29DDE99500FB3DB7 /* property_grid.cpp */,
				B2E8D45829E06195005F5F0C /* content_browser_panel.cpp */,
			);
			path = editor;
			sourceTree = "<group>";
		};
		B228FC8E29DB133000455666 /* Products */ = {
			isa = PBXGroup;
			children = (
				B228FC9229DB133100455666 /* libimgui.a */,
			);
			name = Products;
			sourceTree = "<group>";
		};
		B2394A2129D8114800D782E5 /* events */ = {
			isa = PBXGroup;
			children = (
				B2394A2229D8116200D782E5 /* event.h */,
				B2394A2329D8184B00D782E5 /* application_event.h */,
				B2394A2429D8192100D782E5 /* key_event.h */,
				B2394A2529D81A4A00D782E5 /* mouse_event.h */,
			);
			path = events;
			sourceTree = "<group>";
		};
		B2394A2C29D822BC00D782E5 /* mac_os */ = {
			isa = PBXGroup;
			children = (
				B2394A2F29D8733500D782E5 /* mac_window.cpp */,
				B2394A3029D8733500D782E5 /* mac_window.hpp */,
				B281E87029DFE2080038A9EE /* mac_input.cpp */,
			);
			path = mac_os;
			sourceTree = "<group>";
		};
		B281E86629DFE05C0038A9EE /* camera */ = {
			isa = PBXGroup;
			children = (
				B281E86929DFE07C0038A9EE /* camera.hpp */,
				B281E86D29DFE1630038A9EE /* editor_camera.hpp */,
				B281E87529DFE3350038A9EE /* scene_camera.hpp */,
			);
			path = camera;
			sourceTree = "<group>";
		};
		B281E86729DFE0640038A9EE /* camera */ = {
			isa = PBXGroup;
			children = (
				B281E86C29DFE1630038A9EE /* editor_camera.cpp */,
				B281E87429DFE3350038A9EE /* scene_camera.cpp */,
			);
			path = camera;
			sourceTree = "<group>";
		};
		B281E87D29E001880038A9EE /* scene */ = {
			isa = PBXGroup;
			children = (
				B281E88329E001A70038A9EE /* viewport.hpp */,
				B2E7141E29E43C4A008C8CB1 /* scene.hpp */,
				B2E7141929E43C40008C8CB1 /* components.hpp */,
				B2E7141229E43C3C008C8CB1 /* entity.hpp */,
			);
			path = scene;
			sourceTree = "<group>";
		};
		B281E88129E0019D0038A9EE /* scene */ = {
			isa = PBXGroup;
			children = (
				B281E88229E001A70038A9EE /* viewport.cpp */,
				B2E7141129E43C3C008C8CB1 /* entity.cpp */,
				B2E7141829E43C40008C8CB1 /* components.cpp */,
				B2E7141D29E43C4A008C8CB1 /* scene.cpp */,
			);
			path = scene;
			sourceTree = "<group>";
		};
		B292BB7B29D184EB00B1E678 = {
			isa = PBXGroup;
			children = (
				B292C0E929D1D1BC00B1E678 /* prefix_headers.pch */,
				B2F70CDD29DEE7C1003163BA /* core_assets */,
				B292C0E229D1CF5A00B1E678 /* interface */,
				B2BEC4E329DD6598008D3DCB /* implementation */,
				B292BB9329D19BBD00B1E678 /* core_assets */,
				B292BEFE29D19BE700B1E678 /* vendors */,
				B292BB8529D184EB00B1E678 /* Products */,
				B2F91E4529D71AC100860306 /* Frameworks */,
			);
			sourceTree = "<group>";
		};
		B292BB8529D184EB00B1E678 /* Products */ = {
			isa = PBXGroup;
			children = (
				B292BB8429D184EB00B1E678 /* libikan.a */,
			);
			name = Products;
			sourceTree = "<group>";
		};
		B292BB9329D19BBD00B1E678 /* core_assets */ = {
			isa = PBXGroup;
			children = (
			);
			path = core_assets;
			sourceTree = "<group>";
		};
		B292BEFE29D19BE700B1E678 /* vendors */ = {
			isa = PBXGroup;
			children = (
				B2F70D0829DF11D9003163BA /* stb_image */,
				B228FC8D29DB133000455666 /* imgui.xcodeproj */,
				B2F91E5F29D721AA00860306 /* glfw.xcodeproj */,
				B2F91E3229D71A8800860306 /* open_gl.xcodeproj */,
			);
			path = vendors;
			sourceTree = "<group>";
		};
		B292C0E229D1CF5A00B1E678 /* interface */ = {
			isa = PBXGroup;
			children = (
				B292C0EB29D1D30500B1E678 /* ikan_common.h */,
				B292C0EE29D1D47000B1E678 /* ikan_headers.h */,
				B292C0E329D1CF6200B1E678 /* core */,
				B281E87D29E001880038A9EE /* scene */,
				B2F91E0A29D70F9300860306 /* renderer */,
				B20FF40629DDE97900FB3DB7 /* editor */,
				B281E86629DFE05C0038A9EE /* camera */,
				B2BEC7AB29DD86EE008D3DCB /* imgui */,
			);
			path = interface;
			sourceTree = "<group>";
		};
		B292C0E329D1CF6200B1E678 /* core */ = {
			isa = PBXGroup;
			children = (
				B2E8D43B29E03350005F5F0C /* math */,
				B2C26FBF29D2A31400EC1078 /* utils */,
				B292C0E429D1CF6600B1E678 /* debug */,
				B2394A2129D8114800D782E5 /* events */,
				B2BEC78929DD7C50008D3DCB /* core_application.hpp */,
				B2394A1C29D8107A00D782E5 /* key_codes.h */,
				B2394A2029D810CB00D782E5 /* mouse_codes.h */,
				B2394A2729D81BDD00D782E5 /* window.hpp */,
				B2BEC79929DD83DC008D3DCB /* layer.hpp */,
				B2BEC79D29DD8479008D3DCB /* layer_stack.hpp */,
				B281E87129DFE2080038A9EE /* input.hpp */,
			);
			path = core;
			sourceTree = "<group>";
		};
		B292C0E429D1CF6600B1E678 /* debug */ = {
			isa = PBXGroup;
			children = (
				B292C0E629D1CF7100B1E678 /* logger.hpp */,
				B2F70CCF29DED0B2003163BA /* dump_table.hpp */,
			);
			path = debug;
			sourceTree = "<group>";
		};
		B2BEC4E329DD6598008D3DCB /* implementation */ = {
			isa = PBXGroup;
			children = (
				B2BEC4E429DD65C9008D3DCB /* core */,
				B281E88129E0019D0038A9EE /* scene */,
				B2BEC4E529DD65D6008D3DCB /* renderer */,
				B20FF40A29DDE98500FB3DB7 /* editor */,
				B281E86729DFE0640038A9EE /* camera */,
				B2BEC76929DD68FF008D3DCB /* imgui */,
				B2F91E1129D713B900860306 /* platform */,
			);
			path = implementation;
			sourceTree = "<group>";
		};
		B2BEC4E429DD65C9008D3DCB /* core */ = {
			isa = PBXGroup;
			children = (
				B2E8D44329E0335E005F5F0C /* math */,
				B2BEC77A29DD751F008D3DCB /* utils */,
				B2BEC4E829DD6609008D3DCB /* debug */,
				B2BEC78829DD7C50008D3DCB /* core_application.cpp */,
				B2394A2629D81BDD00D782E5 /* window.cpp */,
				B2BEC79C29DD8479008D3DCB /* layer_stack.cpp */,
			);
			path = core;
			sourceTree = "<group>";
		};
		B2BEC4E529DD65D6008D3DCB /* renderer */ = {
			isa = PBXGroup;
			children = (
				B2BEC4E629DD65DB008D3DCB /* utils */,
				B2BEC4E729DD65E1008D3DCB /* graphics */,
			);
			path = renderer;
			sourceTree = "<group>";
		};
		B2BEC4E629DD65DB008D3DCB /* utils */ = {
			isa = PBXGroup;
			children = (
				B2F91E0C29D70FA400860306 /* renderer.cpp */,
				B2F91E1729D713FA00860306 /* renderer_api.cpp */,
				B2BEC7C429DDAA49008D3DCB /* renderer_stats.cpp */,
				B2BEC7C829DDACAD008D3DCB /* batch_2d_renderer.cpp */,
				B2BEC7D329DDC301008D3DCB /* text_renderer.cpp */,
			);
			path = utils;
			sourceTree = "<group>";
		};
		B2BEC4E729DD65E1008D3DCB /* graphics */ = {
			isa = PBXGroup;
			children = (
				B228FC6C29DB071300455666 /* graphics_context.cpp */,
				B29C830829DE9A5C0061D182 /* pipeline.cpp */,
				B29C831729DEB1BC0061D182 /* renderer_buffer.cpp */,
				B2F70CE029DEE841003163BA /* shader.cpp */,
				B2F70CFD29DF0FE7003163BA /* texture.cpp */,
				B281E85B29DFDA170038A9EE /* framebuffer.cpp */,
			);
			path = graphics;
			sourceTree = "<group>";
		};
		B2BEC4E829DD6609008D3DCB /* debug */ = {
			isa = PBXGroup;
			children = (
				B2BEC78F29DD7F73008D3DCB /* core_logger_api.h */,
				B292C0E529D1CF7100B1E678 /* logger.cpp */,
				B2F70CD329DED19B003163BA /* dump_table.cpp */,
			);
			path = debug;
			sourceTree = "<group>";
		};
		B2BEC76929DD68FF008D3DCB /* imgui */ = {
			isa = PBXGroup;
			children = (
				B2BEC7B329DD8716008D3DCB /* imgui_build.cpp */,
				B2BEC7AF29DD8703008D3DCB /* imgui_layer.cpp */,
				B2BEC7DA29DDC475008D3DCB /* imgui_api.cpp */,
			);
			path = imgui;
			sourceTree = "<group>";
		};
		B2BEC77A29DD751F008D3DCB /* utils */ = {
			isa = PBXGroup;
			children = (
				B2BEC79329DD800E008D3DCB /* core_asserts_api.h */,
				B2F70CE829DEEBAD003163BA /* string_utils.cpp */,
			);
			path = utils;
			sourceTree = "<group>";
		};
		B2BEC7AB29DD86EE008D3DCB /* imgui */ = {
			isa = PBXGroup;
			children = (
				B2BEC7B029DD8703008D3DCB /* imgui_layer.hpp */,
				B2BEC7DB29DDC475008D3DCB /* imgui_api.hpp */,
			);
			path = imgui;
			sourceTree = "<group>";
		};
		B2C26FBF29D2A31400EC1078 /* utils */ = {
			isa = PBXGroup;
			children = (
				B2C26FC029D2A32400EC1078 /* asserts.h */,
				B2394A3329D8785600D782E5 /* time_step.h */,
				B2BEC77E29DD7590008D3DCB /* directory_manager.h */,
				B2F70CE529DEE94A003163BA /* buffers.hpp */,
				B2F70CE929DEEBAD003163BA /* string_utils.hpp */,
			);
			path = utils;
			sourceTree = "<group>";
		};
		B2E8D43B29E03350005F5F0C /* math */ = {
			isa = PBXGroup;
			children = (
				B2E8D44029E0335A005F5F0C /* maths.hpp */,
			);
			path = math;
			sourceTree = "<group>";
		};
		B2E8D44329E0335E005F5F0C /* math */ = {
			isa = PBXGroup;
			children = (
				B2E8D43F29E0335A005F5F0C /* maths.cpp */,
			);
			path = math;
			sourceTree = "<group>";
		};
		B2F70CDD29DEE7C1003163BA /* core_assets */ = {
			isa = PBXGroup;
			children = (
				B2F70CDE29DEE7C1003163BA /* shaders */,
			);
			path = core_assets;
			sourceTree = "<group>";
		};
		B2F70CDE29DEE7C1003163BA /* shaders */ = {
			isa = PBXGroup;
			children = (
				B2F70CF729DF0A24003163BA /* batch_circle_shader.glsl */,
				B2F70CF829DF0A24003163BA /* batch_line_shader.glsl */,
				B2F70CF929DF0A24003163BA /* batch_quad_shader.glsl */,
				B2E8D44D29E04074005F5F0C /* text_shader.glsl */,
			);
			path = shaders;
			sourceTree = "<group>";
		};
		B2F70D0829DF11D9003163BA /* stb_image */ = {
			isa = PBXGroup;
			children = (
				B2F70D0929DF11D9003163BA /* stb_image.h */,
				B2F70D0A29DF11D9003163BA /* stb_image.cpp */,
			);
			path = stb_image;
			sourceTree = "<group>";
		};
		B2F91E0A29D70F9300860306 /* renderer */ = {
			isa = PBXGroup;
			children = (
				B2F91E0B29D70F9C00860306 /* utils */,
				B2F91E1029D713AE00860306 /* graphics */,
			);
			path = renderer;
			sourceTree = "<group>";
		};
		B2F91E0B29D70F9C00860306 /* utils */ = {
			isa = PBXGroup;
			children = (
				B2F91E0D29D70FA400860306 /* renderer.hpp */,
				B2F91E1829D713FA00860306 /* renderer_api.hpp */,
				B2BEC7C029DDAA04008D3DCB /* renderer_stats.hpp */,
				B2BEC7C929DDACAD008D3DCB /* batch_2d_renderer.hpp */,
				B2BEC7D429DDC301008D3DCB /* text_renderer.hpp */,
				B2F70CD629DEE4FD003163BA /* shader_uniforms.hpp */,
			);
			path = utils;
			sourceTree = "<group>";
		};
		B2F91E1029D713AE00860306 /* graphics */ = {
			isa = PBXGroup;
			children = (
				B228FC6D29DB071300455666 /* graphics_context.hpp */,
				B29C830929DE9A5C0061D182 /* pipeline.hpp */,
				B29C831829DEB1BC0061D182 /* renderer_buffer.hpp */,
				B2F70CE129DEE841003163BA /* shader.hpp */,
				B2F70CFE29DF0FE7003163BA /* texture.hpp */,
				B281E85C29DFDA170038A9EE /* framebuffer.hpp */,
			);
			path = graphics;
			sourceTree = "<group>";
		};
		B2F91E1129D713B900860306 /* platform */ = {
			isa = PBXGroup;
			children = (
				B2394A2C29D822BC00D782E5 /* mac_os */,
				B2F91E1229D713BE00860306 /* open_gl */,
			);
			path = platform;
			sourceTree = "<group>";
		};
		B2F91E1229D713BE00860306 /* open_gl */ = {
			isa = PBXGroup;
			children = (
				B2F91E1329D713EF00860306 /* open_gl_renderer_api.cpp */,
				B2F91E1429D713EF00860306 /* open_gl_renderer_api.hpp */,
				B228FC6629DB070500455666 /* open_gl_graphics_context.cpp */,
				B228FC6729DB070500455666 /* open_gl_graphics_context.hpp */,
				B29C831029DE9EB90061D182 /* open_gl_renderer_id_manager.cpp */,
				B29C831129DE9EB90061D182 /* open_gl_renderer_id_manager.hpp */,
				B29C830C29DE9B8C0061D182 /* open_gl_pipeline.cpp */,
				B29C830D29DE9B8C0061D182 /* open_gl_pipeline.hpp */,
				B29C831E29DEB7140061D182 /* open_gl_renderer_buffer.cpp */,
				B29C831F29DEB7140061D182 /* open_gl_renderer_buffer.hpp */,
				B2F70CD929DEE5B6003163BA /* open_gl_shader_uniforms.cpp */,
				B2F70CDA29DEE5B6003163BA /* open_gl_shader_uniforms.hpp */,
				B2F70CEC29DEEC46003163BA /* open_gl_shader.cpp */,
				B2F70CED29DEEC46003163BA /* open_gl_shader.hpp */,
				B2F70D0429DF0FF0003163BA /* open_gl_texture.cpp */,
				B2F70D0529DF0FF0003163BA /* open_gl_texture.hpp */,
				B281E86229DFDA240038A9EE /* open_gl_framebuffer.cpp */,
				B281E86329DFDA240038A9EE /* open_gl_framebuffer.hpp */,
			);
			path = open_gl;
			sourceTree = "<group>";
		};
		B2F91E3329D71A8800860306 /* Products */ = {
			isa = PBXGroup;
			children = (
				B2F91E3729D71A8900860306 /* libopen_gl.a */,
			);
			name = Products;
			sourceTree = "<group>";
		};
		B2F91E4529D71AC100860306 /* Frameworks */ = {
			isa = PBXGroup;
			children = (
			);
			name = Frameworks;
			sourceTree = "<group>";
		};
		B2F91E6029D721AA00860306 /* Products */ = {
			isa = PBXGroup;
			children = (
				B2F91E6429D721AA00860306 /* libglfw.a */,
			);
			name = Products;
			sourceTree = "<group>";
		};
/* End PBXGroup section */

/* Begin PBXHeadersBuildPhase section */
		B292BB8029D184EB00B1E678 /* Headers */ = {
			isa = PBXHeadersBuildPhase;
			buildActionMask = 2147483647;
			files = (
				B2394A2929D81BDD00D782E5 /* window.hpp in Headers */,
				B29C830F29DE9B8C0061D182 /* open_gl_pipeline.hpp in Headers */,
				B2F70CE729DEE94A003163BA /* buffers.hpp in Headers */,
				B2BEC79B29DD83DC008D3DCB /* layer.hpp in Headers */,
				B2E8D44229E0335A005F5F0C /* maths.hpp in Headers */,
				B2F91E1A29D713FA00860306 /* renderer_api.hpp in Headers */,
				B281E86B29DFE07C0038A9EE /* camera.hpp in Headers */,
				B2BEC78B29DD7C50008D3DCB /* core_application.hpp in Headers */,
				B2F70CD829DEE4FD003163BA /* shader_uniforms.hpp in Headers */,
				B2F91E1629D713EF00860306 /* open_gl_renderer_api.hpp in Headers */,
				B2E7142029E43C4A008C8CB1 /* scene.hpp in Headers */,
				B2F70CDC29DEE5B6003163BA /* open_gl_shader_uniforms.hpp in Headers */,
				B2F70D0029DF0FE7003163BA /* texture.hpp in Headers */,
				B292C0EF29D1D47000B1E678 /* ikan_headers.h in Headers */,
				B281E87729DFE3350038A9EE /* scene_camera.hpp in Headers */,
				B2E8D45B29E06195005F5F0C /* content_browser_panel.hpp in Headers */,
				B29C831329DE9EB90061D182 /* open_gl_renderer_id_manager.hpp in Headers */,
				B281E87329DFE2080038A9EE /* input.hpp in Headers */,
				B228FC6929DB070500455666 /* open_gl_graphics_context.hpp in Headers */,
				B2BEC79F29DD8479008D3DCB /* layer_stack.hpp in Headers */,
				B29C831A29DEB1BC0061D182 /* renderer_buffer.hpp in Headers */,
				B2F70CE329DEE841003163BA /* shader.hpp in Headers */,
				B2BEC7CB29DDACAD008D3DCB /* batch_2d_renderer.hpp in Headers */,
				B2BEC7B229DD8703008D3DCB /* imgui_layer.hpp in Headers */,
				B2F70CEB29DEEBAD003163BA /* string_utils.hpp in Headers */,
				B2F70CEF29DEEC46003163BA /* open_gl_shader.hpp in Headers */,
				B2F91E0F29D70FA400860306 /* renderer.hpp in Headers */,
				B2E7141B29E43C40008C8CB1 /* components.hpp in Headers */,
				B20FF40E29DDE99500FB3DB7 /* property_grid.hpp in Headers */,
				B281E85E29DFDA170038A9EE /* framebuffer.hpp in Headers */,
				B281E88529E001A70038A9EE /* viewport.hpp in Headers */,
				B29C830B29DE9A5C0061D182 /* pipeline.hpp in Headers */,
				B2F70D0B29DF11D9003163BA /* stb_image.h in Headers */,
				B2BEC7DD29DDC475008D3DCB /* imgui_api.hpp in Headers */,
				B2394A3229D8733500D782E5 /* mac_window.hpp in Headers */,
				B2BEC7D629DDC301008D3DCB /* text_renderer.hpp in Headers */,
				B2E7141429E43C3C008C8CB1 /* entity.hpp in Headers */,
				B228FC6F29DB071300455666 /* graphics_context.hpp in Headers */,
				B281E86F29DFE1630038A9EE /* editor_camera.hpp in Headers */,
				B29C832129DEB7140061D182 /* open_gl_renderer_buffer.hpp in Headers */,
				B292C0EA29D1D1BC00B1E678 /* prefix_headers.pch in Headers */,
				B281E86529DFDA240038A9EE /* open_gl_framebuffer.hpp in Headers */,
				B2F70D0729DF0FF0003163BA /* open_gl_texture.hpp in Headers */,
				B2394A1D29D8107A00D782E5 /* key_codes.h in Headers */,
				B292C0E829D1CF7100B1E678 /* logger.hpp in Headers */,
			);
			runOnlyForDeploymentPostprocessing = 0;
		};
/* End PBXHeadersBuildPhase section */

/* Begin PBXNativeTarget section */
		B292BB8329D184EB00B1E678 /* ikan */ = {
			isa = PBXNativeTarget;
			buildConfigurationList = B292BB8F29D184EB00B1E678 /* Build configuration list for PBXNativeTarget "ikan" */;
			buildPhases = (
				B292BB8029D184EB00B1E678 /* Headers */,
				B292BB8129D184EB00B1E678 /* Sources */,
				B292BB8229D184EB00B1E678 /* Frameworks */,
			);
			buildRules = (
			);
			dependencies = (
			);
			name = ikan;
			productName = ikan;
			productReference = B292BB8429D184EB00B1E678 /* libikan.a */;
			productType = "com.apple.product-type.library.static";
		};
/* End PBXNativeTarget section */

/* Begin PBXProject section */
		B292BB7C29D184EB00B1E678 /* Project object */ = {
			isa = PBXProject;
			attributes = {
				BuildIndependentTargetsInParallel = 1;
				LastUpgradeCheck = 1430;
				TargetAttributes = {
					B292BB8329D184EB00B1E678 = {
						CreatedOnToolsVersion = 14.2;
					};
				};
			};
			buildConfigurationList = B292BB7F29D184EB00B1E678 /* Build configuration list for PBXProject "ikan" */;
			compatibilityVersion = "Xcode 14.0";
			developmentRegion = en;
			hasScannedForEncodings = 0;
			knownRegions = (
				en,
				Base,
			);
			mainGroup = B292BB7B29D184EB00B1E678;
			productRefGroup = B292BB8529D184EB00B1E678 /* Products */;
			projectDirPath = "";
			projectReferences = (
				{
					ProductGroup = B2F91E6029D721AA00860306 /* Products */;
					ProjectRef = B2F91E5F29D721AA00860306 /* glfw.xcodeproj */;
				},
				{
					ProductGroup = B228FC8E29DB133000455666 /* Products */;
					ProjectRef = B228FC8D29DB133000455666 /* imgui.xcodeproj */;
				},
				{
					ProductGroup = B2F91E3329D71A8800860306 /* Products */;
					ProjectRef = B2F91E3229D71A8800860306 /* open_gl.xcodeproj */;
				},
			);
			projectRoot = "";
			targets = (
				B292BB8329D184EB00B1E678 /* ikan */,
			);
		};
/* End PBXProject section */

/* Begin PBXReferenceProxy section */
		B228FC9229DB133100455666 /* libimgui.a */ = {
			isa = PBXReferenceProxy;
			fileType = archive.ar;
			path = libimgui.a;
			remoteRef = B228FC9129DB133100455666 /* PBXContainerItemProxy */;
			sourceTree = BUILT_PRODUCTS_DIR;
		};
		B2F91E3729D71A8900860306 /* libopen_gl.a */ = {
			isa = PBXReferenceProxy;
			fileType = archive.ar;
			path = libopen_gl.a;
			remoteRef = B2F91E3629D71A8900860306 /* PBXContainerItemProxy */;
			sourceTree = BUILT_PRODUCTS_DIR;
		};
		B2F91E6429D721AA00860306 /* libglfw.a */ = {
			isa = PBXReferenceProxy;
			fileType = archive.ar;
			path = libglfw.a;
			remoteRef = B2F91E6329D721AA00860306 /* PBXContainerItemProxy */;
			sourceTree = BUILT_PRODUCTS_DIR;
		};
/* End PBXReferenceProxy section */

/* Begin PBXSourcesBuildPhase section */
		B292BB8129D184EB00B1E678 /* Sources */ = {
			isa = PBXSourcesBuildPhase;
			buildActionMask = 2147483647;
			files = (
				B2F70CD429DED19B003163BA /* dump_table.cpp in Sources */,
				B2BEC79E29DD8479008D3DCB /* layer_stack.cpp in Sources */,
				B281E87229DFE2080038A9EE /* mac_input.cpp in Sources */,
				B29C832029DEB7140061D182 /* open_gl_renderer_buffer.cpp in Sources */,
				B2BEC7C629DDAA49008D3DCB /* renderer_stats.cpp in Sources */,
				B20FF40D29DDE99500FB3DB7 /* property_grid.cpp in Sources */,
				B281E87629DFE3350038A9EE /* scene_camera.cpp in Sources */,
				B2F70CE229DEE841003163BA /* shader.cpp in Sources */,
				B2F70D0629DF0FF0003163BA /* open_gl_texture.cpp in Sources */,
				B2BEC7DC29DDC475008D3DCB /* imgui_api.cpp in Sources */,
				B228FC6829DB070500455666 /* open_gl_graphics_context.cpp in Sources */,
				B2F70CEE29DEEC46003163BA /* open_gl_shader.cpp in Sources */,
				B2BEC7CA29DDACAD008D3DCB /* batch_2d_renderer.cpp in Sources */,
				B281E86E29DFE1630038A9EE /* editor_camera.cpp in Sources */,
				B2F70CDB29DEE5B6003163BA /* open_gl_shader_uniforms.cpp in Sources */,
				B2BEC7B429DD8716008D3DCB /* imgui_build.cpp in Sources */,
				B2F91E0E29D70FA400860306 /* renderer.cpp in Sources */,
				B228FC6E29DB071300455666 /* graphics_context.cpp in Sources */,
				B2E7141F29E43C4A008C8CB1 /* scene.cpp in Sources */,
				B29C830A29DE9A5C0061D182 /* pipeline.cpp in Sources */,
				B281E86429DFDA240038A9EE /* open_gl_framebuffer.cpp in Sources */,
				B2394A3129D8733500D782E5 /* mac_window.cpp in Sources */,
				B2BEC78A29DD7C50008D3DCB /* core_application.cpp in Sources */,
				B2E7141329E43C3C008C8CB1 /* entity.cpp in Sources */,
				B2F91E1929D713FA00860306 /* renderer_api.cpp in Sources */,
				B2394A2829D81BDD00D782E5 /* window.cpp in Sources */,
				B2F70CEA29DEEBAD003163BA /* string_utils.cpp in Sources */,
				B29C831929DEB1BC0061D182 /* renderer_buffer.cpp in Sources */,
				B2BEC7B129DD8703008D3DCB /* imgui_layer.cpp in Sources */,
				B292C0E729D1CF7100B1E678 /* logger.cpp in Sources */,
				B29C831229DE9EB90061D182 /* open_gl_renderer_id_manager.cpp in Sources */,
				B2E8D45A29E06195005F5F0C /* content_browser_panel.cpp in Sources */,
				B2E8D44129E0335A005F5F0C /* maths.cpp in Sources */,
				B281E88429E001A70038A9EE /* viewport.cpp in Sources */,
				B2F91E1529D713EF00860306 /* open_gl_renderer_api.cpp in Sources */,
				B2F70CFF29DF0FE7003163BA /* texture.cpp in Sources */,
				B2F70D0C29DF11D9003163BA /* stb_image.cpp in Sources */,
				B2BEC7D529DDC301008D3DCB /* text_renderer.cpp in Sources */,
				B2E7141A29E43C40008C8CB1 /* components.cpp in Sources */,
				B281E85D29DFDA170038A9EE /* framebuffer.cpp in Sources */,
				B29C830E29DE9B8C0061D182 /* open_gl_pipeline.cpp in Sources */,
			);
			runOnlyForDeploymentPostprocessing = 0;
		};
/* End PBXSourcesBuildPhase section */

/* Begin XCBuildConfiguration section */
		B292BB8D29D184EB00B1E678 /* Debug */ = {
			isa = XCBuildConfiguration;
			buildSettings = {
				ALWAYS_SEARCH_USER_PATHS = NO;
				CLANG_ANALYZER_NONNULL = YES;
				CLANG_ANALYZER_NUMBER_OBJECT_CONVERSION = YES_AGGRESSIVE;
				CLANG_CXX_LANGUAGE_STANDARD = "gnu++20";
				CLANG_ENABLE_MODULES = YES;
				CLANG_ENABLE_OBJC_ARC = YES;
				CLANG_ENABLE_OBJC_WEAK = YES;
				CLANG_WARN_BLOCK_CAPTURE_AUTORELEASING = YES;
				CLANG_WARN_BOOL_CONVERSION = YES;
				CLANG_WARN_COMMA = YES;
				CLANG_WARN_CONSTANT_CONVERSION = YES;
				CLANG_WARN_DEPRECATED_OBJC_IMPLEMENTATIONS = YES;
				CLANG_WARN_DIRECT_OBJC_ISA_USAGE = YES_ERROR;
				CLANG_WARN_DOCUMENTATION_COMMENTS = YES;
				CLANG_WARN_EMPTY_BODY = YES;
				CLANG_WARN_ENUM_CONVERSION = YES;
				CLANG_WARN_INFINITE_RECURSION = YES;
				CLANG_WARN_INT_CONVERSION = YES;
				CLANG_WARN_NON_LITERAL_NULL_CONVERSION = YES;
				CLANG_WARN_OBJC_IMPLICIT_RETAIN_SELF = YES;
				CLANG_WARN_OBJC_LITERAL_CONVERSION = YES;
				CLANG_WARN_OBJC_ROOT_CLASS = YES_ERROR;
				CLANG_WARN_QUOTED_INCLUDE_IN_FRAMEWORK_HEADER = YES;
				CLANG_WARN_RANGE_LOOP_ANALYSIS = YES;
				CLANG_WARN_STRICT_PROTOTYPES = YES;
				CLANG_WARN_SUSPICIOUS_MOVE = YES;
				CLANG_WARN_UNGUARDED_AVAILABILITY = YES_AGGRESSIVE;
				CLANG_WARN_UNREACHABLE_CODE = YES;
				CLANG_WARN__DUPLICATE_METHOD_MATCH = YES;
				COPY_PHASE_STRIP = NO;
				DEAD_CODE_STRIPPING = YES;
				DEBUG_INFORMATION_FORMAT = dwarf;
				ENABLE_STRICT_OBJC_MSGSEND = YES;
				ENABLE_TESTABILITY = YES;
				GCC_C_LANGUAGE_STANDARD = gnu11;
				GCC_DYNAMIC_NO_PIC = NO;
				GCC_NO_COMMON_BLOCKS = YES;
				GCC_OPTIMIZATION_LEVEL = 0;
				GCC_PREPROCESSOR_DEFINITIONS = (
					"DEBUG=1",
					"$(inherited)",
				);
				GCC_WARN_64_TO_32_BIT_CONVERSION = YES;
				GCC_WARN_ABOUT_RETURN_TYPE = YES_ERROR;
				GCC_WARN_UNDECLARED_SELECTOR = YES;
				GCC_WARN_UNINITIALIZED_AUTOS = YES_AGGRESSIVE;
				GCC_WARN_UNUSED_FUNCTION = YES;
				GCC_WARN_UNUSED_VARIABLE = YES;
				MACOSX_DEPLOYMENT_TARGET = 13.3;
				MTL_ENABLE_DEBUG_INFO = INCLUDE_SOURCE;
				MTL_FAST_MATH = YES;
				ONLY_ACTIVE_ARCH = YES;
				SDKROOT = macosx;
			};
			name = Debug;
		};
		B292BB8E29D184EB00B1E678 /* Release */ = {
			isa = XCBuildConfiguration;
			buildSettings = {
				ALWAYS_SEARCH_USER_PATHS = NO;
				CLANG_ANALYZER_NONNULL = YES;
				CLANG_ANALYZER_NUMBER_OBJECT_CONVERSION = YES_AGGRESSIVE;
				CLANG_CXX_LANGUAGE_STANDARD = "gnu++20";
				CLANG_ENABLE_MODULES = YES;
				CLANG_ENABLE_OBJC_ARC = YES;
				CLANG_ENABLE_OBJC_WEAK = YES;
				CLANG_WARN_BLOCK_CAPTURE_AUTORELEASING = YES;
				CLANG_WARN_BOOL_CONVERSION = YES;
				CLANG_WARN_COMMA = YES;
				CLANG_WARN_CONSTANT_CONVERSION = YES;
				CLANG_WARN_DEPRECATED_OBJC_IMPLEMENTATIONS = YES;
				CLANG_WARN_DIRECT_OBJC_ISA_USAGE = YES_ERROR;
				CLANG_WARN_DOCUMENTATION_COMMENTS = YES;
				CLANG_WARN_EMPTY_BODY = YES;
				CLANG_WARN_ENUM_CONVERSION = YES;
				CLANG_WARN_INFINITE_RECURSION = YES;
				CLANG_WARN_INT_CONVERSION = YES;
				CLANG_WARN_NON_LITERAL_NULL_CONVERSION = YES;
				CLANG_WARN_OBJC_IMPLICIT_RETAIN_SELF = YES;
				CLANG_WARN_OBJC_LITERAL_CONVERSION = YES;
				CLANG_WARN_OBJC_ROOT_CLASS = YES_ERROR;
				CLANG_WARN_QUOTED_INCLUDE_IN_FRAMEWORK_HEADER = YES;
				CLANG_WARN_RANGE_LOOP_ANALYSIS = YES;
				CLANG_WARN_STRICT_PROTOTYPES = YES;
				CLANG_WARN_SUSPICIOUS_MOVE = YES;
				CLANG_WARN_UNGUARDED_AVAILABILITY = YES_AGGRESSIVE;
				CLANG_WARN_UNREACHABLE_CODE = YES;
				CLANG_WARN__DUPLICATE_METHOD_MATCH = YES;
				COPY_PHASE_STRIP = NO;
				DEAD_CODE_STRIPPING = YES;
				DEBUG_INFORMATION_FORMAT = "dwarf-with-dsym";
				ENABLE_NS_ASSERTIONS = NO;
				ENABLE_STRICT_OBJC_MSGSEND = YES;
				GCC_C_LANGUAGE_STANDARD = gnu11;
				GCC_NO_COMMON_BLOCKS = YES;
				GCC_WARN_64_TO_32_BIT_CONVERSION = YES;
				GCC_WARN_ABOUT_RETURN_TYPE = YES_ERROR;
				GCC_WARN_UNDECLARED_SELECTOR = YES;
				GCC_WARN_UNINITIALIZED_AUTOS = YES_AGGRESSIVE;
				GCC_WARN_UNUSED_FUNCTION = YES;
				GCC_WARN_UNUSED_VARIABLE = YES;
				MACOSX_DEPLOYMENT_TARGET = 13.3;
				MTL_ENABLE_DEBUG_INFO = NO;
				MTL_FAST_MATH = YES;
				SDKROOT = macosx;
			};
			name = Release;
		};
		B292BB9029D184EB00B1E678 /* Debug */ = {
			isa = XCBuildConfiguration;
			buildSettings = {
				CODE_SIGN_STYLE = Automatic;
				DEAD_CODE_STRIPPING = YES;
				DEVELOPMENT_TEAM = 78KTXZ99TW;
				EXECUTABLE_PREFIX = lib;
				GCC_ENABLE_CPP_EXCEPTIONS = YES;
				GCC_ENABLE_CPP_RTTI = YES;
				GCC_PRECOMPILE_PREFIX_HEADER = YES;
				GCC_PREFIX_HEADER = "${PROJECT_DIR}/prefix_headers.pch";
				GCC_PREPROCESSOR_DEFINITIONS = (
					"DEBUG=1",
					"$(inherited)",
					IK_ENABLE_LOG,
					IK_DEBUG_FEATURE,
				);
				HEADER_SEARCH_PATHS = (
					"${PROJECT_DIR}/interface",
					"${PROJECT_DIR}/implementation",
					"${PROJECT_DIR}/vendors/spdlog/include",
					"${PROJECT_DIR}/vendors/open_gl/include",
					"${PROJECT_DIR}/vendors/glfw/glfw/include",
					"${PROJECT_DIR}/vendors/imgui/imgui",
					"${PROJECT_DIR}/vendors/glm",
					"${PROJECT_DIR}/vendors/stb_image",
					"${PROJECT_DIR}/vendors/freetype/include/freetype2",
					"${PROJECT_DIR}/vendors/entt/include",
				);
				PRODUCT_NAME = "$(TARGET_NAME)";
				SKIP_INSTALL = YES;
			};
			name = Debug;
		};
		B292BB9129D184EB00B1E678 /* Release */ = {
			isa = XCBuildConfiguration;
			buildSettings = {
				CODE_SIGN_STYLE = Automatic;
				DEAD_CODE_STRIPPING = YES;
				DEVELOPMENT_TEAM = 78KTXZ99TW;
				EXECUTABLE_PREFIX = lib;
				GCC_ENABLE_CPP_EXCEPTIONS = YES;
				GCC_ENABLE_CPP_RTTI = YES;
				GCC_PRECOMPILE_PREFIX_HEADER = YES;
				GCC_PREFIX_HEADER = "${PROJECT_DIR}/prefix_headers.pch";
				HEADER_SEARCH_PATHS = (
					"${PROJECT_DIR}/interface",
					"${PROJECT_DIR}/implementation",
					"${PROJECT_DIR}/vendors/spdlog/include",
					"${PROJECT_DIR}/vendors/open_gl/include",
					"${PROJECT_DIR}/vendors/glfw/glfw/include",
					"${PROJECT_DIR}/vendors/imgui/imgui",
					"${PROJECT_DIR}/vendors/glm",
					"${PROJECT_DIR}/vendors/stb_image",
					"${PROJECT_DIR}/vendors/freetype/include/freetype2",
					"${PROJECT_DIR}/vendors/entt/include",
				);
				PRODUCT_NAME = "$(TARGET_NAME)";
				SKIP_INSTALL = YES;
			};
			name = Release;
		};
/* End XCBuildConfiguration section */

/* Begin XCConfigurationList section */
		B292BB7F29D184EB00B1E678 /* Build configuration list for PBXProject "ikan" */ = {
			isa = XCConfigurationList;
			buildConfigurations = (
				B292BB8D29D184EB00B1E678 /* Debug */,
				B292BB8E29D184EB00B1E678 /* Release */,
			);
			defaultConfigurationIsVisible = 0;
			defaultConfigurationName = Release;
		};
		B292BB8F29D184EB00B1E678 /* Build configuration list for PBXNativeTarget "ikan" */ = {
			isa = XCConfigurationList;
			buildConfigurations = (
				B292BB9029D184EB00B1E678 /* Debug */,
				B292BB9129D184EB00B1E678 /* Release */,
			);
			defaultConfigurationIsVisible = 0;
			defaultConfigurationName = Release;
		};
/* End XCConfigurationList section */
	};
	rootObject = B292BB7C29D184EB00B1E678 /* Project object */;
}
