// !$*UTF8*$!
{
	archiveVersion = 1;
	classes = {
	};
	objectVersion = 56;
	objects = {

/* Begin PBXBuildFile section */
		B2BEC68829DD67BC008D3DCB /* imgui.h in Headers */ = {isa = PBXBuildFile; fileRef = B2BEC50129DD67BC008D3DCB /* imgui.h */; };
		B2BEC68929DD67BC008D3DCB /* imstb_textedit.h in Headers */ = {isa = PBXBuildFile; fileRef = B2BEC50229DD67BC008D3DCB /* imstb_textedit.h */; };
		B2BEC68A29DD67BC008D3DCB /* imconfig.h in Headers */ = {isa = PBXBuildFile; fileRef = B2BEC50329DD67BC008D3DCB /* imconfig.h */; };
		B2BEC68B29DD67BC008D3DCB /* imgui_widgets.cpp in Sources */ = {isa = PBXBuildFile; fileRef = B2BEC50429DD67BC008D3DCB /* imgui_widgets.cpp */; };
		B2BEC68C29DD67BC008D3DCB /* imstb_truetype.h in Headers */ = {isa = PBXBuildFile; fileRef = B2BEC50529DD67BC008D3DCB /* imstb_truetype.h */; };
		B2BEC6C229DD67BC008D3DCB /* imgui.cpp in Sources */ = {isa = PBXBuildFile; fileRef = B2BEC55829DD67BC008D3DCB /* imgui.cpp */; };
		B2BEC75D29DD67BC008D3DCB /* imgui_internal.h in Headers */ = {isa = PBXBuildFile; fileRef = B2BEC66E29DD67BC008D3DCB /* imgui_internal.h */; };
		B2BEC75E29DD67BC008D3DCB /* imstb_rectpack.h in Headers */ = {isa = PBXBuildFile; fileRef = B2BEC67529DD67BC008D3DCB /* imstb_rectpack.h */; };
		B2BEC75F29DD67BC008D3DCB /* imgui_demo.cpp in Sources */ = {isa = PBXBuildFile; fileRef = B2BEC67729DD67BC008D3DCB /* imgui_demo.cpp */; };
		B2BEC76029DD67BC008D3DCB /* imgui_draw.cpp in Sources */ = {isa = PBXBuildFile; fileRef = B2BEC67829DD67BC008D3DCB /* imgui_draw.cpp */; };
/* End PBXBuildFile section */

/* Begin PBXFileReference section */
		B228FC7F29DB133000455666 /* libimgui.a */ = {isa = PBXFileReference; explicitFileType = archive.ar; includeInIndex = 0; path = libimgui.a; sourceTree = BUILT_PRODUCTS_DIR; };
		B2BEC50129DD67BC008D3DCB /* imgui.h */ = {isa = PBXFileReference; fileEncoding = 4; lastKnownFileType = sourcecode.c.h; path = imgui.h; sourceTree = "<group>"; };
		B2BEC50229DD67BC008D3DCB /* imstb_textedit.h */ = {isa = PBXFileReference; fileEncoding = 4; lastKnownFileType = sourcecode.c.h; path = imstb_textedit.h; sourceTree = "<group>"; };
		B2BEC50329DD67BC008D3DCB /* imconfig.h */ = {isa = PBXFileReference; fileEncoding = 4; lastKnownFileType = sourcecode.c.h; path = imconfig.h; sourceTree = "<group>"; };
		B2BEC50429DD67BC008D3DCB /* imgui_widgets.cpp */ = {isa = PBXFileReference; fileEncoding = 4; lastKnownFileType = sourcecode.cpp.cpp; path = imgui_widgets.cpp; sourceTree = "<group>"; };
		B2BEC50529DD67BC008D3DCB /* imstb_truetype.h */ = {isa = PBXFileReference; fileEncoding = 4; lastKnownFileType = sourcecode.c.h; path = imstb_truetype.h; sourceTree = "<group>"; };
		B2BEC55829DD67BC008D3DCB /* imgui.cpp */ = {isa = PBXFileReference; fileEncoding = 4; lastKnownFileType = sourcecode.cpp.cpp; path = imgui.cpp; sourceTree = "<group>"; };
		B2BEC66E29DD67BC008D3DCB /* imgui_internal.h */ = {isa = PBXFileReference; fileEncoding = 4; lastKnownFileType = sourcecode.c.h; path = imgui_internal.h; sourceTree = "<group>"; };
		B2BEC67529DD67BC008D3DCB /* imstb_rectpack.h */ = {isa = PBXFileReference; fileEncoding = 4; lastKnownFileType = sourcecode.c.h; path = imstb_rectpack.h; sourceTree = "<group>"; };
		B2BEC67629DD67BC008D3DCB /* LICENSE.txt */ = {isa = PBXFileReference; fileEncoding = 4; lastKnownFileType = text; path = LICENSE.txt; sourceTree = "<group>"; };
		B2BEC67729DD67BC008D3DCB /* imgui_demo.cpp */ = {isa = PBXFileReference; fileEncoding = 4; lastKnownFileType = sourcecode.cpp.cpp; path = imgui_demo.cpp; sourceTree = "<group>"; };
		B2BEC67829DD67BC008D3DCB /* imgui_draw.cpp */ = {isa = PBXFileReference; fileEncoding = 4; lastKnownFileType = sourcecode.cpp.cpp; path = imgui_draw.cpp; sourceTree = "<group>"; };
/* End PBXFileReference section */

/* Begin PBXFrameworksBuildPhase section */
		B228FC7D29DB133000455666 /* Frameworks */ = {
			isa = PBXFrameworksBuildPhase;
			buildActionMask = 2147483647;
			files = (
			);
			runOnlyForDeploymentPostprocessing = 0;
		};
/* End PBXFrameworksBuildPhase section */

/* Begin PBXGroup section */
		B228FC7629DB133000455666 = {
			isa = PBXGroup;
			children = (
				B2BEC4E929DD67BC008D3DCB /* imgui */,
				B228FC8029DB133000455666 /* Products */,
			);
			sourceTree = "<group>";
		};
		B228FC8029DB133000455666 /* Products */ = {
			isa = PBXGroup;
			children = (
				B228FC7F29DB133000455666 /* libimgui.a */,
			);
			name = Products;
			sourceTree = "<group>";
		};
		B2BEC4E929DD67BC008D3DCB /* imgui */ = {
			isa = PBXGroup;
			children = (
				B2BEC67629DD67BC008D3DCB /* LICENSE.txt */,
				B2BEC50129DD67BC008D3DCB /* imgui.h */,
				B2BEC50229DD67BC008D3DCB /* imstb_textedit.h */,
				B2BEC50329DD67BC008D3DCB /* imconfig.h */,
				B2BEC50429DD67BC008D3DCB /* imgui_widgets.cpp */,
				B2BEC50529DD67BC008D3DCB /* imstb_truetype.h */,
				B2BEC55829DD67BC008D3DCB /* imgui.cpp */,
				B2BEC66E29DD67BC008D3DCB /* imgui_internal.h */,
				B2BEC67529DD67BC008D3DCB /* imstb_rectpack.h */,
				B2BEC67729DD67BC008D3DCB /* imgui_demo.cpp */,
				B2BEC67829DD67BC008D3DCB /* imgui_draw.cpp */,
			);
			path = imgui;
			sourceTree = "<group>";
		};
/* End PBXGroup section */

/* Begin PBXHeadersBuildPhase section */
		B228FC7B29DB133000455666 /* Headers */ = {
			isa = PBXHeadersBuildPhase;
			buildActionMask = 2147483647;
			files = (
				B2BEC68829DD67BC008D3DCB /* imgui.h in Headers */,
				B2BEC75D29DD67BC008D3DCB /* imgui_internal.h in Headers */,
				B2BEC68929DD67BC008D3DCB /* imstb_textedit.h in Headers */,
				B2BEC75E29DD67BC008D3DCB /* imstb_rectpack.h in Headers */,
				B2BEC68A29DD67BC008D3DCB /* imconfig.h in Headers */,
				B2BEC68C29DD67BC008D3DCB /* imstb_truetype.h in Headers */,
			);
			runOnlyForDeploymentPostprocessing = 0;
		};
/* End PBXHeadersBuildPhase section */

/* Begin PBXNativeTarget section */
		B228FC7E29DB133000455666 /* imgui */ = {
			isa = PBXNativeTarget;
			buildConfigurationList = B228FC8A29DB133000455666 /* Build configuration list for PBXNativeTarget "imgui" */;
			buildPhases = (
				B228FC7B29DB133000455666 /* Headers */,
				B228FC7C29DB133000455666 /* Sources */,
				B228FC7D29DB133000455666 /* Frameworks */,
			);
			buildRules = (
			);
			dependencies = (
			);
			name = imgui;
			productName = imgui;
			productReference = B228FC7F29DB133000455666 /* libimgui.a */;
			productType = "com.apple.product-type.library.static";
		};
/* End PBXNativeTarget section */

/* Begin PBXProject section */
		B228FC7729DB133000455666 /* Project object */ = {
			isa = PBXProject;
			attributes = {
				BuildIndependentTargetsInParallel = 1;
				LastUpgradeCheck = 1430;
				TargetAttributes = {
					B228FC7E29DB133000455666 = {
						CreatedOnToolsVersion = 14.3;
					};
				};
			};
			buildConfigurationList = B228FC7A29DB133000455666 /* Build configuration list for PBXProject "imgui" */;
			compatibilityVersion = "Xcode 14.0";
			developmentRegion = en;
			hasScannedForEncodings = 0;
			knownRegions = (
				en,
				Base,
			);
			mainGroup = B228FC7629DB133000455666;
			productRefGroup = B228FC8029DB133000455666 /* Products */;
			projectDirPath = "";
			projectRoot = "";
			targets = (
				B228FC7E29DB133000455666 /* imgui */,
			);
		};
/* End PBXProject section */

/* Begin PBXSourcesBuildPhase section */
		B228FC7C29DB133000455666 /* Sources */ = {
			isa = PBXSourcesBuildPhase;
			buildActionMask = 2147483647;
			files = (
				B2BEC76029DD67BC008D3DCB /* imgui_draw.cpp in Sources */,
				B2BEC68B29DD67BC008D3DCB /* imgui_widgets.cpp in Sources */,
				B2BEC75F29DD67BC008D3DCB /* imgui_demo.cpp in Sources */,
				B2BEC6C229DD67BC008D3DCB /* imgui.cpp in Sources */,
			);
			runOnlyForDeploymentPostprocessing = 0;
		};
/* End PBXSourcesBuildPhase section */

/* Begin XCBuildConfiguration section */
		B228FC8829DB133000455666 /* Debug */ = {
			isa = XCBuildConfiguration;
			buildSettings = {
				ALWAYS_SEARCH_USER_PATHS = NO;
				CLANG_ANALYZER_NONNULL = YES;
				CLANG_ANALYZER_NUMBER_OBJECT_CONVERSION = YES_AGGRESSIVE;
				CLANG_CXX_LANGUAGE_STANDARD = "gnu++20";
				CLANG_ENABLE_MODULES = YES;
				CLANG_ENABLE_OBJC_ARC = YES;
				CLANG_ENABLE_OBJC_WEAK = YES;
				CLANG_WARN_BLOCK_CAPTURE_AUTORELEASING = YES;
				CLANG_WARN_BOOL_CONVERSION = YES;
				CLANG_WARN_COMMA = YES;
				CLANG_WARN_CONSTANT_CONVERSION = YES;
				CLANG_WARN_DEPRECATED_OBJC_IMPLEMENTATIONS = YES;
				CLANG_WARN_DIRECT_OBJC_ISA_USAGE = YES_ERROR;
				CLANG_WARN_DOCUMENTATION_COMMENTS = YES;
				CLANG_WARN_EMPTY_BODY = YES;
				CLANG_WARN_ENUM_CONVERSION = YES;
				CLANG_WARN_INFINITE_RECURSION = YES;
				CLANG_WARN_INT_CONVERSION = YES;
				CLANG_WARN_NON_LITERAL_NULL_CONVERSION = YES;
				CLANG_WARN_OBJC_IMPLICIT_RETAIN_SELF = YES;
				CLANG_WARN_OBJC_LITERAL_CONVERSION = YES;
				CLANG_WARN_OBJC_ROOT_CLASS = YES_ERROR;
				CLANG_WARN_QUOTED_INCLUDE_IN_FRAMEWORK_HEADER = YES;
				CLANG_WARN_RANGE_LOOP_ANALYSIS = YES;
				CLANG_WARN_STRICT_PROTOTYPES = YES;
				CLANG_WARN_SUSPICIOUS_MOVE = YES;
				CLANG_WARN_UNGUARDED_AVAILABILITY = YES_AGGRESSIVE;
				CLANG_WARN_UNREACHABLE_CODE = YES;
				CLANG_WARN__DUPLICATE_METHOD_MATCH = YES;
				COPY_PHASE_STRIP = NO;
				DEBUG_INFORMATION_FORMAT = dwarf;
				ENABLE_STRICT_OBJC_MSGSEND = YES;
				ENABLE_TESTABILITY = YES;
				GCC_C_LANGUAGE_STANDARD = gnu11;
				GCC_DYNAMIC_NO_PIC = NO;
				GCC_NO_COMMON_BLOCKS = YES;
				GCC_OPTIMIZATION_LEVEL = 0;
				GCC_PREPROCESSOR_DEFINITIONS = (
					"DEBUG=1",
					"$(inherited)",
				);
				GCC_WARN_64_TO_32_BIT_CONVERSION = YES;
				GCC_WARN_ABOUT_RETURN_TYPE = YES_ERROR;
				GCC_WARN_UNDECLARED_SELECTOR = YES;
				GCC_WARN_UNINITIALIZED_AUTOS = YES_AGGRESSIVE;
				GCC_WARN_UNUSED_FUNCTION = YES;
				GCC_WARN_UNUSED_VARIABLE = YES;
				MACOSX_DEPLOYMENT_TARGET = 13.3;
				MTL_ENABLE_DEBUG_INFO = INCLUDE_SOURCE;
				MTL_FAST_MATH = YES;
				ONLY_ACTIVE_ARCH = YES;
				SDKROOT = macosx;
			};
			name = Debug;
		};
		B228FC8929DB133000455666 /* Release */ = {
			isa = XCBuildConfiguration;
			buildSettings = {
				ALWAYS_SEARCH_USER_PATHS = NO;
				CLANG_ANALYZER_NONNULL = YES;
				CLANG_ANALYZER_NUMBER_OBJECT_CONVERSION = YES_AGGRESSIVE;
				CLANG_CXX_LANGUAGE_STANDARD = "gnu++20";
				CLANG_ENABLE_MODULES = YES;
				CLANG_ENABLE_OBJC_ARC = YES;
				CLANG_ENABLE_OBJC_WEAK = YES;
				CLANG_WARN_BLOCK_CAPTURE_AUTORELEASING = YES;
				CLANG_WARN_BOOL_CONVERSION = YES;
				CLANG_WARN_COMMA = YES;
				CLANG_WARN_CONSTANT_CONVERSION = YES;
				CLANG_WARN_DEPRECATED_OBJC_IMPLEMENTATIONS = YES;
				CLANG_WARN_DIRECT_OBJC_ISA_USAGE = YES_ERROR;
				CLANG_WARN_DOCUMENTATION_COMMENTS = YES;
				CLANG_WARN_EMPTY_BODY = YES;
				CLANG_WARN_ENUM_CONVERSION = YES;
				CLANG_WARN_INFINITE_RECURSION = YES;
				CLANG_WARN_INT_CONVERSION = YES;
				CLANG_WARN_NON_LITERAL_NULL_CONVERSION = YES;
				CLANG_WARN_OBJC_IMPLICIT_RETAIN_SELF = YES;
				CLANG_WARN_OBJC_LITERAL_CONVERSION = YES;
				CLANG_WARN_OBJC_ROOT_CLASS = YES_ERROR;
				CLANG_WARN_QUOTED_INCLUDE_IN_FRAMEWORK_HEADER = YES;
				CLANG_WARN_RANGE_LOOP_ANALYSIS = YES;
				CLANG_WARN_STRICT_PROTOTYPES = YES;
				CLANG_WARN_SUSPICIOUS_MOVE = YES;
				CLANG_WARN_UNGUARDED_AVAILABILITY = YES_AGGRESSIVE;
				CLANG_WARN_UNREACHABLE_CODE = YES;
				CLANG_WARN__DUPLICATE_METHOD_MATCH = YES;
				COPY_PHASE_STRIP = NO;
				DEBUG_INFORMATION_FORMAT = "dwarf-with-dsym";
				ENABLE_NS_ASSERTIONS = NO;
				ENABLE_STRICT_OBJC_MSGSEND = YES;
				GCC_C_LANGUAGE_STANDARD = gnu11;
				GCC_NO_COMMON_BLOCKS = YES;
				GCC_WARN_64_TO_32_BIT_CONVERSION = YES;
				GCC_WARN_ABOUT_RETURN_TYPE = YES_ERROR;
				GCC_WARN_UNDECLARED_SELECTOR = YES;
				GCC_WARN_UNINITIALIZED_AUTOS = YES_AGGRESSIVE;
				GCC_WARN_UNUSED_FUNCTION = YES;
				GCC_WARN_UNUSED_VARIABLE = YES;
				MACOSX_DEPLOYMENT_TARGET = 13.3;
				MTL_ENABLE_DEBUG_INFO = NO;
				MTL_FAST_MATH = YES;
				SDKROOT = macosx;
			};
			name = Release;
		};
		B228FC8B29DB133000455666 /* Debug */ = {
			isa = XCBuildConfiguration;
			buildSettings = {
				CODE_SIGN_STYLE = Automatic;
				DEVELOPMENT_TEAM = 78KTXZ99TW;
				EXECUTABLE_PREFIX = lib;
				GCC_ENABLE_CPP_EXCEPTIONS = YES;
				GCC_ENABLE_CPP_RTTI = YES;
				LIBRARY_SEARCH_PATHS = (
					"$(inherited)",
					"$(PROJECT_DIR)/imgui/freetype/lib",
					"$(PROJECT_DIR)/imgui/SDL/lib",
					"$(PROJECT_DIR)/imgui/examples/libs/glfw/lib-vc2010-64",
					"$(PROJECT_DIR)/imgui/examples/libs/glfw/lib-vc2010-32",
				);
				PRODUCT_NAME = "$(TARGET_NAME)";
				SKIP_INSTALL = YES;
			};
			name = Debug;
		};
		B228FC8C29DB133000455666 /* Release */ = {
			isa = XCBuildConfiguration;
			buildSettings = {
				CODE_SIGN_STYLE = Automatic;
				DEVELOPMENT_TEAM = 78KTXZ99TW;
				EXECUTABLE_PREFIX = lib;
				GCC_ENABLE_CPP_EXCEPTIONS = YES;
				GCC_ENABLE_CPP_RTTI = YES;
				LIBRARY_SEARCH_PATHS = (
					"$(inherited)",
					"$(PROJECT_DIR)/imgui/freetype/lib",
					"$(PROJECT_DIR)/imgui/SDL/lib",
					"$(PROJECT_DIR)/imgui/examples/libs/glfw/lib-vc2010-64",
					"$(PROJECT_DIR)/imgui/examples/libs/glfw/lib-vc2010-32",
				);
				PRODUCT_NAME = "$(TARGET_NAME)";
				SKIP_INSTALL = YES;
			};
			name = Release;
		};
/* End XCBuildConfiguration section */

/* Begin XCConfigurationList section */
		B228FC7A29DB133000455666 /* Build configuration list for PBXProject "imgui" */ = {
			isa = XCConfigurationList;
			buildConfigurations = (
				B228FC8829DB133000455666 /* Debug */,
				B228FC8929DB133000455666 /* Release */,
			);
			defaultConfigurationIsVisible = 0;
			defaultConfigurationName = Release;
		};
		B228FC8A29DB133000455666 /* Build configuration list for PBXNativeTarget "imgui" */ = {
			isa = XCConfigurationList;
			buildConfigurations = (
				B228FC8B29DB133000455666 /* Debug */,
				B228FC8C29DB133000455666 /* Release */,
			);
			defaultConfigurationIsVisible = 0;
			defaultConfigurationName = Release;
		};
/* End XCConfigurationList section */
	};
	rootObject = B228FC7729DB133000455666 /* Project object */;
}
