// !$*UTF8*$!
{
	archiveVersion = 1;
	classes = {
	};
	objectVersion = 56;
	objects = {

/* Begin PBXBuildFile section */
		B281E87929DFEF440038A9EE /* libglfw.a in Frameworks */ = {isa = PBXBuildFile; fileRef = B281E87829DFEF440038A9EE /* libglfw.a */; };
		B292BB7529D16F8F00B1E678 /* entry_point.cpp in Sources */ = {isa = PBXBuildFile; fileRef = B292BB7429D16F8F00B1E678 /* entry_point.cpp */; };
		B292C0F329D1D7C400B1E678 /* libikan.a in Frameworks */ = {isa = PBXBuildFile; fileRef = B292C0F229D1D7C400B1E678 /* libikan.a */; };
		B2BEC7CF29DDBBFF008D3DCB /* renderer_layer.cpp in Sources */ = {isa = PBXBuildFile; fileRef = B2BEC7CD29DDBBFF008D3DCB /* renderer_layer.cpp */; };
		B2BEC7D229DDC033008D3DCB /* game_data.cpp in Sources */ = {isa = PBXBuildFile; fileRef = B2BEC7D029DDC033008D3DCB /* game_data.cpp */; };
		B2D856DC29E867D000602232 /* editor.cpp in Sources */ = {isa = PBXBuildFile; fileRef = B2D856DA29E867D000602232 /* editor.cpp */; };
		B2D856E429E868C600602232 /* mario.cpp in Sources */ = {isa = PBXBuildFile; fileRef = B2D856E229E868C600602232 /* mario.cpp */; };
		B2E8D44F29E044A5005F5F0C /* libfreetype.6.dylib in Frameworks */ = {isa = PBXBuildFile; fileRef = B2E8D44E29E044A5005F5F0C /* libfreetype.6.dylib */; };
		B2E8D45229E0460C005F5F0C /* libfreetype.6.dylib in CopyFiles */ = {isa = PBXBuildFile; fileRef = B2E8D45129E0460C005F5F0C /* libfreetype.6.dylib */; settings = {ATTRIBUTES = (CodeSignOnCopy, ); }; };
		B2E8D45429E0464A005F5F0C /* libpng16.16.dylib in CopyFiles */ = {isa = PBXBuildFile; fileRef = B2E8D45329E0464A005F5F0C /* libpng16.16.dylib */; settings = {ATTRIBUTES = (CodeSignOnCopy, ); }; };
/* End PBXBuildFile section */

/* Begin PBXCopyFilesBuildPhase section */
		B292BB6F29D16F8F00B1E678 /* CopyFiles */ = {
			isa = PBXCopyFilesBuildPhase;
			buildActionMask = 12;
			dstPath = "";
			dstSubfolderSpec = 6;
			files = (
				B2E8D45429E0464A005F5F0C /* libpng16.16.dylib in CopyFiles */,
				B2E8D45229E0460C005F5F0C /* libfreetype.6.dylib in CopyFiles */,
			);
			runOnlyForDeploymentPostprocessing = 0;
		};
/* End PBXCopyFilesBuildPhase section */

/* Begin PBXFileReference section */
		B228FC7029DB093D00455666 /* OpenGL.framework */ = {isa = PBXFileReference; lastKnownFileType = wrapper.framework; name = OpenGL.framework; path = System/Library/Frameworks/OpenGL.framework; sourceTree = SDKROOT; };
		B228FC7229DB094700455666 /* Cocoa.framework */ = {isa = PBXFileReference; lastKnownFileType = wrapper.framework; name = Cocoa.framework; path = System/Library/Frameworks/Cocoa.framework; sourceTree = SDKROOT; };
		B228FC7429DB094C00455666 /* IOKit.framework */ = {isa = PBXFileReference; lastKnownFileType = wrapper.framework; name = IOKit.framework; path = System/Library/Frameworks/IOKit.framework; sourceTree = SDKROOT; };
		B281E87829DFEF440038A9EE /* libglfw.a */ = {isa = PBXFileReference; explicitFileType = archive.ar; path = libglfw.a; sourceTree = BUILT_PRODUCTS_DIR; };
		B292BB7129D16F8F00B1E678 /* kreator */ = {isa = PBXFileReference; explicitFileType = "compiled.mach-o.executable"; includeInIndex = 0; path = kreator; sourceTree = BUILT_PRODUCTS_DIR; };
		B292BB7429D16F8F00B1E678 /* entry_point.cpp */ = {isa = PBXFileReference; lastKnownFileType = sourcecode.cpp.cpp; path = entry_point.cpp; sourceTree = "<group>"; };
		B292C0F029D1D58700B1E678 /* prefix_headers.pch */ = {isa = PBXFileReference; lastKnownFileType = sourcecode.c.h; path = prefix_headers.pch; sourceTree = "<group>"; };
		B292C0F229D1D7C400B1E678 /* libikan.a */ = {isa = PBXFileReference; explicitFileType = archive.ar; path = libikan.a; sourceTree = BUILT_PRODUCTS_DIR; };
		B2BEC7CD29DDBBFF008D3DCB /* renderer_layer.cpp */ = {isa = PBXFileReference; lastKnownFileType = sourcecode.cpp.cpp; path = renderer_layer.cpp; sourceTree = "<group>"; };
		B2BEC7CE29DDBBFF008D3DCB /* renderer_layer.hpp */ = {isa = PBXFileReference; lastKnownFileType = sourcecode.cpp.h; path = renderer_layer.hpp; sourceTree = "<group>"; };
		B2BEC7D029DDC033008D3DCB /* game_data.cpp */ = {isa = PBXFileReference; lastKnownFileType = sourcecode.cpp.cpp; path = game_data.cpp; sourceTree = "<group>"; };
		B2BEC7D129DDC033008D3DCB /* game_data.hpp */ = {isa = PBXFileReference; lastKnownFileType = sourcecode.cpp.h; path = game_data.hpp; sourceTree = "<group>"; };
		B2D856D829E8382000602232 /* first_scene.ikanScene */ = {isa = PBXFileReference; lastKnownFileType = text; path = first_scene.ikanScene; sourceTree = "<group>"; };
		B2D856DA29E867D000602232 /* editor.cpp */ = {isa = PBXFileReference; lastKnownFileType = sourcecode.cpp.cpp; path = editor.cpp; sourceTree = "<group>"; };
		B2D856DB29E867D000602232 /* editor.hpp */ = {isa = PBXFileReference; lastKnownFileType = sourcecode.cpp.h; path = editor.hpp; sourceTree = "<group>"; };
		B2D856E229E868C600602232 /* mario.cpp */ = {isa = PBXFileReference; lastKnownFileType = sourcecode.cpp.cpp; path = mario.cpp; sourceTree = "<group>"; };
		B2D856E329E868C600602232 /* mario.hpp */ = {isa = PBXFileReference; lastKnownFileType = sourcecode.cpp.h; path = mario.hpp; sourceTree = "<group>"; };
		B2D85BEB29E870AA00602232 /* kreator_application.hpp */ = {isa = PBXFileReference; lastKnownFileType = sourcecode.cpp.h; path = kreator_application.hpp; sourceTree = "<group>"; };
		B2E8D44E29E044A5005F5F0C /* libfreetype.6.dylib */ = {isa = PBXFileReference; lastKnownFileType = "compiled.mach-o.dylib"; name = libfreetype.6.dylib; path = ../ikan/vendors/freetype/lib/libfreetype.6.dylib; sourceTree = "<group>"; };
		B2E8D45129E0460C005F5F0C /* libfreetype.6.dylib */ = {isa = PBXFileReference; lastKnownFileType = "compiled.mach-o.dylib"; name = libfreetype.6.dylib; path = ../ikan/vendors/freetype/lib/libfreetype.6.dylib; sourceTree = "<group>"; };
		B2E8D45329E0464A005F5F0C /* libpng16.16.dylib */ = {isa = PBXFileReference; lastKnownFileType = "compiled.mach-o.dylib"; name = libpng16.16.dylib; path = ../ikan/vendors/freetype/libpng/1.6.39/lib/libpng16.16.dylib; sourceTree = "<group>"; };
/* End PBXFileReference section */

/* Begin PBXFrameworksBuildPhase section */
		B292BB6E29D16F8F00B1E678 /* Frameworks */ = {
			isa = PBXFrameworksBuildPhase;
			buildActionMask = 2147483647;
			files = (
				B2E8D44F29E044A5005F5F0C /* libfreetype.6.dylib in Frameworks */,
				B281E87929DFEF440038A9EE /* libglfw.a in Frameworks */,
				B292C0F329D1D7C400B1E678 /* libikan.a in Frameworks */,
			);
			runOnlyForDeploymentPostprocessing = 0;
		};
/* End PBXFrameworksBuildPhase section */

/* Begin PBXGroup section */
		B292BB6829D16F8F00B1E678 = {
			isa = PBXGroup;
			children = (
				B2E8D45329E0464A005F5F0C /* libpng16.16.dylib */,
				B2E8D45129E0460C005F5F0C /* libfreetype.6.dylib */,
				B292C0F029D1D58700B1E678 /* prefix_headers.pch */,
				B292BB7329D16F8F00B1E678 /* entry_point */,
				B2D85BE929E8709C00602232 /* application */,
				B2BEC7CC29DDBBF3008D3DCB /* leyer */,
				B2D856D929E867C000602232 /* mario */,
				B2BEC78529DD7A92008D3DCB /* editor */,
				B292BB7229D16F8F00B1E678 /* Products */,
				B292C0F129D1D7C400B1E678 /* Frameworks */,
			);
			sourceTree = "<group>";
		};
		B292BB7229D16F8F00B1E678 /* Products */ = {
			isa = PBXGroup;
			children = (
				B292BB7129D16F8F00B1E678 /* kreator */,
			);
			name = Products;
			sourceTree = "<group>";
		};
		B292BB7329D16F8F00B1E678 /* entry_point */ = {
			isa = PBXGroup;
			children = (
				B292BB7429D16F8F00B1E678 /* entry_point.cpp */,
			);
			path = entry_point;
			sourceTree = "<group>";
		};
		B292C0F129D1D7C400B1E678 /* Frameworks */ = {
			isa = PBXGroup;
			children = (
				B2E8D44E29E044A5005F5F0C /* libfreetype.6.dylib */,
				B281E87829DFEF440038A9EE /* libglfw.a */,
				B228FC7429DB094C00455666 /* IOKit.framework */,
				B228FC7229DB094700455666 /* Cocoa.framework */,
				B228FC7029DB093D00455666 /* OpenGL.framework */,
				B292C0F229D1D7C400B1E678 /* libikan.a */,
			);
			name = Frameworks;
			sourceTree = "<group>";
		};
		B2BEC78529DD7A92008D3DCB /* editor */ = {
			isa = PBXGroup;
			children = (
				B2D856DD29E867E200602232 /* src */,
				B2D856D729E8382000602232 /* scenes */,
				B2BEC78729DD7AA9008D3DCB /* ini */,
				B2BEC78629DD7AA0008D3DCB /* assets */,
			);
			path = editor;
			sourceTree = "<group>";
		};
		B2BEC78629DD7AA0008D3DCB /* assets */ = {
			isa = PBXGroup;
			children = (
			);
			path = assets;
			sourceTree = "<group>";
		};
		B2BEC78729DD7AA9008D3DCB /* ini */ = {
			isa = PBXGroup;
			children = (
			);
			path = ini;
			sourceTree = "<group>";
		};
		B2BEC7CC29DDBBF3008D3DCB /* leyer */ = {
			isa = PBXGroup;
			children = (
				B2BEC7CD29DDBBFF008D3DCB /* renderer_layer.cpp */,
				B2BEC7CE29DDBBFF008D3DCB /* renderer_layer.hpp */,
				B2BEC7D029DDC033008D3DCB /* game_data.cpp */,
				B2BEC7D129DDC033008D3DCB /* game_data.hpp */,
			);
			path = leyer;
			sourceTree = "<group>";
		};
		B2D856D729E8382000602232 /* scenes */ = {
			isa = PBXGroup;
			children = (
				B2D856D829E8382000602232 /* first_scene.ikanScene */,
			);
			path = scenes;
			sourceTree = "<group>";
		};
		B2D856D929E867C000602232 /* mario */ = {
			isa = PBXGroup;
			children = (
				B2D856DE29E867EA00602232 /* src */,
				B2D856E129E8680300602232 /* scenes */,
				B2D856E029E867FF00602232 /* ini */,
				B2D856DF29E867FA00602232 /* assets */,
			);
			path = mario;
			sourceTree = "<group>";
		};
		B2D856DD29E867E200602232 /* src */ = {
			isa = PBXGroup;
			children = (
				B2D856DA29E867D000602232 /* editor.cpp */,
				B2D856DB29E867D000602232 /* editor.hpp */,
			);
			path = src;
			sourceTree = "<group>";
		};
		B2D856DE29E867EA00602232 /* src */ = {
			isa = PBXGroup;
			children = (
				B2D856E229E868C600602232 /* mario.cpp */,
				B2D856E329E868C600602232 /* mario.hpp */,
			);
			path = src;
			sourceTree = "<group>";
		};
		B2D856DF29E867FA00602232 /* assets */ = {
			isa = PBXGroup;
			children = (
				B2D856E629E868EF00602232 /* fonts */,
				B2D856E529E868EA00602232 /* textures */,
			);
			path = assets;
			sourceTree = "<group>";
		};
		B2D856E029E867FF00602232 /* ini */ = {
			isa = PBXGroup;
			children = (
			);
			path = ini;
			sourceTree = "<group>";
		};
		B2D856E129E8680300602232 /* scenes */ = {
			isa = PBXGroup;
			children = (
			);
			path = scenes;
			sourceTree = "<group>";
		};
		B2D856E529E868EA00602232 /* textures */ = {
			isa = PBXGroup;
			children = (
			);
			path = textures;
			sourceTree = "<group>";
		};
		B2D856E629E868EF00602232 /* fonts */ = {
			isa = PBXGroup;
			children = (
			);
			path = fonts;
			sourceTree = "<group>";
		};
		B2D85BE929E8709C00602232 /* application */ = {
			isa = PBXGroup;
			children = (
				B2D85BEB29E870AA00602232 /* kreator_application.hpp */,
			);
			path = application;
			sourceTree = "<group>";
		};
/* End PBXGroup section */

/* Begin PBXNativeTarget section */
		B292BB7029D16F8F00B1E678 /* kreator */ = {
			isa = PBXNativeTarget;
			buildConfigurationList = B292BB7829D16F8F00B1E678 /* Build configuration list for PBXNativeTarget "kreator" */;
			buildPhases = (
				B292BB6F29D16F8F00B1E678 /* CopyFiles */,
				B292BB6D29D16F8F00B1E678 /* Sources */,
				B292BB6E29D16F8F00B1E678 /* Frameworks */,
			);
			buildRules = (
			);
			dependencies = (
			);
			name = kreator;
			productName = kreator;
			productReference = B292BB7129D16F8F00B1E678 /* kreator */;
			productType = "com.apple.product-type.tool";
		};
/* End PBXNativeTarget section */

/* Begin PBXProject section */
		B292BB6929D16F8F00B1E678 /* Project object */ = {
			isa = PBXProject;
			attributes = {
				BuildIndependentTargetsInParallel = 1;
				LastUpgradeCheck = 1430;
				TargetAttributes = {
					B292BB7029D16F8F00B1E678 = {
						CreatedOnToolsVersion = 14.2;
					};
				};
			};
			buildConfigurationList = B292BB6C29D16F8F00B1E678 /* Build configuration list for PBXProject "kreator" */;
			compatibilityVersion = "Xcode 14.0";
			developmentRegion = en;
			hasScannedForEncodings = 0;
			knownRegions = (
				en,
				Base,
			);
			mainGroup = B292BB6829D16F8F00B1E678;
			productRefGroup = B292BB7229D16F8F00B1E678 /* Products */;
			projectDirPath = "";
			projectRoot = "";
			targets = (
				B292BB7029D16F8F00B1E678 /* kreator */,
			);
		};
/* End PBXProject section */

/* Begin PBXSourcesBuildPhase section */
		B292BB6D29D16F8F00B1E678 /* Sources */ = {
			isa = PBXSourcesBuildPhase;
			buildActionMask = 2147483647;
			files = (
				B2D856E429E868C600602232 /* mario.cpp in Sources */,
				B2BEC7CF29DDBBFF008D3DCB /* renderer_layer.cpp in Sources */,
				B2BEC7D229DDC033008D3DCB /* game_data.cpp in Sources */,
				B2D856DC29E867D000602232 /* editor.cpp in Sources */,
				B292BB7529D16F8F00B1E678 /* entry_point.cpp in Sources */,
			);
			runOnlyForDeploymentPostprocessing = 0;
		};
/* End PBXSourcesBuildPhase section */

/* Begin XCBuildConfiguration section */
		B292BB7629D16F8F00B1E678 /* Debug */ = {
			isa = XCBuildConfiguration;
			buildSettings = {
				ALWAYS_SEARCH_USER_PATHS = NO;
				CLANG_ANALYZER_NONNULL = YES;
				CLANG_ANALYZER_NUMBER_OBJECT_CONVERSION = YES_AGGRESSIVE;
				CLANG_CXX_LANGUAGE_STANDARD = "gnu++20";
				CLANG_ENABLE_MODULES = YES;
				CLANG_ENABLE_OBJC_ARC = YES;
				CLANG_ENABLE_OBJC_WEAK = YES;
				CLANG_WARN_BLOCK_CAPTURE_AUTORELEASING = YES;
				CLANG_WARN_BOOL_CONVERSION = YES;
				CLANG_WARN_COMMA = YES;
				CLANG_WARN_CONSTANT_CONVERSION = YES;
				CLANG_WARN_DEPRECATED_OBJC_IMPLEMENTATIONS = YES;
				CLANG_WARN_DIRECT_OBJC_ISA_USAGE = YES_ERROR;
				CLANG_WARN_DOCUMENTATION_COMMENTS = YES;
				CLANG_WARN_EMPTY_BODY = YES;
				CLANG_WARN_ENUM_CONVERSION = YES;
				CLANG_WARN_INFINITE_RECURSION = YES;
				CLANG_WARN_INT_CONVERSION = YES;
				CLANG_WARN_NON_LITERAL_NULL_CONVERSION = YES;
				CLANG_WARN_OBJC_IMPLICIT_RETAIN_SELF = YES;
				CLANG_WARN_OBJC_LITERAL_CONVERSION = YES;
				CLANG_WARN_OBJC_ROOT_CLASS = YES_ERROR;
				CLANG_WARN_QUOTED_INCLUDE_IN_FRAMEWORK_HEADER = YES;
				CLANG_WARN_RANGE_LOOP_ANALYSIS = YES;
				CLANG_WARN_STRICT_PROTOTYPES = YES;
				CLANG_WARN_SUSPICIOUS_MOVE = YES;
				CLANG_WARN_UNGUARDED_AVAILABILITY = YES_AGGRESSIVE;
				CLANG_WARN_UNREACHABLE_CODE = YES;
				CLANG_WARN__DUPLICATE_METHOD_MATCH = YES;
				COPY_PHASE_STRIP = NO;
				DEAD_CODE_STRIPPING = YES;
				DEBUG_INFORMATION_FORMAT = dwarf;
				ENABLE_STRICT_OBJC_MSGSEND = YES;
				ENABLE_TESTABILITY = YES;
				GCC_C_LANGUAGE_STANDARD = gnu11;
				GCC_DYNAMIC_NO_PIC = NO;
				GCC_NO_COMMON_BLOCKS = YES;
				GCC_OPTIMIZATION_LEVEL = 0;
				GCC_PREPROCESSOR_DEFINITIONS = (
					"DEBUG=1",
					"$(inherited)",
				);
				GCC_WARN_64_TO_32_BIT_CONVERSION = YES;
				GCC_WARN_ABOUT_RETURN_TYPE = YES_ERROR;
				GCC_WARN_UNDECLARED_SELECTOR = YES;
				GCC_WARN_UNINITIALIZED_AUTOS = YES_AGGRESSIVE;
				GCC_WARN_UNUSED_FUNCTION = YES;
				GCC_WARN_UNUSED_VARIABLE = YES;
				MACOSX_DEPLOYMENT_TARGET = 13.3;
				MTL_ENABLE_DEBUG_INFO = INCLUDE_SOURCE;
				MTL_FAST_MATH = YES;
				ONLY_ACTIVE_ARCH = YES;
				SDKROOT = macosx;
			};
			name = Debug;
		};
		B292BB7729D16F8F00B1E678 /* Release */ = {
			isa = XCBuildConfiguration;
			buildSettings = {
				ALWAYS_SEARCH_USER_PATHS = NO;
				CLANG_ANALYZER_NONNULL = YES;
				CLANG_ANALYZER_NUMBER_OBJECT_CONVERSION = YES_AGGRESSIVE;
				CLANG_CXX_LANGUAGE_STANDARD = "gnu++20";
				CLANG_ENABLE_MODULES = YES;
				CLANG_ENABLE_OBJC_ARC = YES;
				CLANG_ENABLE_OBJC_WEAK = YES;
				CLANG_WARN_BLOCK_CAPTURE_AUTORELEASING = YES;
				CLANG_WARN_BOOL_CONVERSION = YES;
				CLANG_WARN_COMMA = YES;
				CLANG_WARN_CONSTANT_CONVERSION = YES;
				CLANG_WARN_DEPRECATED_OBJC_IMPLEMENTATIONS = YES;
				CLANG_WARN_DIRECT_OBJC_ISA_USAGE = YES_ERROR;
				CLANG_WARN_DOCUMENTATION_COMMENTS = YES;
				CLANG_WARN_EMPTY_BODY = YES;
				CLANG_WARN_ENUM_CONVERSION = YES;
				CLANG_WARN_INFINITE_RECURSION = YES;
				CLANG_WARN_INT_CONVERSION = YES;
				CLANG_WARN_NON_LITERAL_NULL_CONVERSION = YES;
				CLANG_WARN_OBJC_IMPLICIT_RETAIN_SELF = YES;
				CLANG_WARN_OBJC_LITERAL_CONVERSION = YES;
				CLANG_WARN_OBJC_ROOT_CLASS = YES_ERROR;
				CLANG_WARN_QUOTED_INCLUDE_IN_FRAMEWORK_HEADER = YES;
				CLANG_WARN_RANGE_LOOP_ANALYSIS = YES;
				CLANG_WARN_STRICT_PROTOTYPES = YES;
				CLANG_WARN_SUSPICIOUS_MOVE = YES;
				CLANG_WARN_UNGUARDED_AVAILABILITY = YES_AGGRESSIVE;
				CLANG_WARN_UNREACHABLE_CODE = YES;
				CLANG_WARN__DUPLICATE_METHOD_MATCH = YES;
				COPY_PHASE_STRIP = NO;
				DEAD_CODE_STRIPPING = YES;
				DEBUG_INFORMATION_FORMAT = "dwarf-with-dsym";
				ENABLE_NS_ASSERTIONS = NO;
				ENABLE_STRICT_OBJC_MSGSEND = YES;
				GCC_C_LANGUAGE_STANDARD = gnu11;
				GCC_NO_COMMON_BLOCKS = YES;
				GCC_WARN_64_TO_32_BIT_CONVERSION = YES;
				GCC_WARN_ABOUT_RETURN_TYPE = YES_ERROR;
				GCC_WARN_UNDECLARED_SELECTOR = YES;
				GCC_WARN_UNINITIALIZED_AUTOS = YES_AGGRESSIVE;
				GCC_WARN_UNUSED_FUNCTION = YES;
				GCC_WARN_UNUSED_VARIABLE = YES;
				MACOSX_DEPLOYMENT_TARGET = 13.3;
				MTL_ENABLE_DEBUG_INFO = NO;
				MTL_FAST_MATH = YES;
				SDKROOT = macosx;
			};
			name = Release;
		};
		B292BB7929D16F8F00B1E678 /* Debug */ = {
			isa = XCBuildConfiguration;
			buildSettings = {
				CLANG_CXX_LANGUAGE_STANDARD = "c++20";
				CODE_SIGN_STYLE = Automatic;
				DEAD_CODE_STRIPPING = YES;
				DEVELOPMENT_TEAM = 78KTXZ99TW;
				ENABLE_HARDENED_RUNTIME = YES;
				GCC_PRECOMPILE_PREFIX_HEADER = YES;
				GCC_PREFIX_HEADER = "${PROJECT_DIR}/prefix_headers.pch";
				GCC_PREPROCESSOR_DEFINITIONS = (
					"DEBUG=1",
					"$(inherited)",
					IK_ENABLE_LOG,
					IK_DEBUG_FEATURE,
				);
				HEADER_SEARCH_PATHS = (
					"${PROJECT_DIR}/../ikan/interface",
					"${PROJECT_DIR}/../ikan/vendors/spdlog/include",
					"${PROJECT_DIR}/../ikan/vendors/imgui/imgui",
					"${PROJECT_DIR}/../ikan/vendors/glm",
					"${PROJECT_DIR}/../ikan/vendors/freetype/include/freetype2",
					"${PROJECT_DIR}/../ikan/vendors/entt//include",
				);
				LIBRARY_SEARCH_PATHS = "${PROJECT_DIR}/../ikan/vendors/freetype/lib";
				MACOSX_DEPLOYMENT_TARGET = 13.3;
				PRODUCT_NAME = "$(TARGET_NAME)";
			};
			name = Debug;
		};
		B292BB7A29D16F8F00B1E678 /* Release */ = {
			isa = XCBuildConfiguration;
			buildSettings = {
				CLANG_CXX_LANGUAGE_STANDARD = "c++20";
				CODE_SIGN_STYLE = Automatic;
				DEAD_CODE_STRIPPING = YES;
				DEVELOPMENT_TEAM = 78KTXZ99TW;
				ENABLE_HARDENED_RUNTIME = YES;
				GCC_OPTIMIZATION_LEVEL = fast;
				GCC_PRECOMPILE_PREFIX_HEADER = YES;
				GCC_PREFIX_HEADER = "${PROJECT_DIR}/prefix_headers.pch";
				HEADER_SEARCH_PATHS = (
					"${PROJECT_DIR}/../ikan/interface",
					"${PROJECT_DIR}/../ikan/vendors/spdlog/include",
					"${PROJECT_DIR}/../ikan/vendors/imgui/imgui",
					"${PROJECT_DIR}/../ikan/vendors/glm",
					"${PROJECT_DIR}/../ikan/vendors/freetype/include/freetype2",
					"${PROJECT_DIR}/../ikan/vendors/entt//include",
				);
				LIBRARY_SEARCH_PATHS = "${PROJECT_DIR}/../ikan/vendors/freetype/lib";
				MACOSX_DEPLOYMENT_TARGET = 13.3;
				ONLY_ACTIVE_ARCH = YES;
				PRODUCT_NAME = "$(TARGET_NAME)";
			};
			name = Release;
		};
/* End XCBuildConfiguration section */

/* Begin XCConfigurationList section */
		B292BB6C29D16F8F00B1E678 /* Build configuration list for PBXProject "kreator" */ = {
			isa = XCConfigurationList;
			buildConfigurations = (
				B292BB7629D16F8F00B1E678 /* Debug */,
				B292BB7729D16F8F00B1E678 /* Release */,
			);
			defaultConfigurationIsVisible = 0;
			defaultConfigurationName = Release;
		};
		B292BB7829D16F8F00B1E678 /* Build configuration list for PBXNativeTarget "kreator" */ = {
			isa = XCConfigurationList;
			buildConfigurations = (
				B292BB7929D16F8F00B1E678 /* Debug */,
				B292BB7A29D16F8F00B1E678 /* Release */,
			);
			defaultConfigurationIsVisible = 0;
			defaultConfigurationName = Release;
		};
/* End XCConfigurationList section */
	};
	rootObject = B292BB6929D16F8F00B1E678 /* Project object */;
}
